// !$*UTF8*$!
{
	archiveVersion = 1;
	classes = {
	};
	objectVersion = 46;
	objects = {

/* Begin PBXBuildFile section */
		442FFE8418A78A1D001ECDAA /* Foundation.framework in Frameworks */ = {isa = PBXBuildFile; fileRef = 442FFE8318A78A1D001ECDAA /* Foundation.framework */; };
		442FFE8618A78A1D001ECDAA /* CoreGraphics.framework in Frameworks */ = {isa = PBXBuildFile; fileRef = 442FFE8518A78A1D001ECDAA /* CoreGraphics.framework */; };
		442FFE8818A78A1D001ECDAA /* UIKit.framework in Frameworks */ = {isa = PBXBuildFile; fileRef = 442FFE8718A78A1D001ECDAA /* UIKit.framework */; };
		442FFE8E18A78A1D001ECDAA /* InfoPlist.strings in Resources */ = {isa = PBXBuildFile; fileRef = 442FFE8C18A78A1D001ECDAA /* InfoPlist.strings */; };
		442FFE9018A78A1D001ECDAA /* main.m in Sources */ = {isa = PBXBuildFile; fileRef = 442FFE8F18A78A1D001ECDAA /* main.m */; };
		442FFE9418A78A1D001ECDAA /* czzAppDelegate.m in Sources */ = {isa = PBXBuildFile; fileRef = 442FFE9318A78A1D001ECDAA /* czzAppDelegate.m */; };
		442FFE9718A78A1D001ECDAA /* Main.storyboard in Resources */ = {isa = PBXBuildFile; fileRef = 442FFE9518A78A1D001ECDAA /* Main.storyboard */; };
		442FFE9C18A78A1D001ECDAA /* Images.xcassets in Resources */ = {isa = PBXBuildFile; fileRef = 442FFE9B18A78A1D001ECDAA /* Images.xcassets */; };
		442FFEA318A78A1D001ECDAA /* XCTest.framework in Frameworks */ = {isa = PBXBuildFile; fileRef = 442FFEA218A78A1D001ECDAA /* XCTest.framework */; };
		442FFEA418A78A1D001ECDAA /* Foundation.framework in Frameworks */ = {isa = PBXBuildFile; fileRef = 442FFE8318A78A1D001ECDAA /* Foundation.framework */; };
		442FFEA518A78A1D001ECDAA /* UIKit.framework in Frameworks */ = {isa = PBXBuildFile; fileRef = 442FFE8718A78A1D001ECDAA /* UIKit.framework */; };
		442FFEAD18A78A1D001ECDAA /* InfoPlist.strings in Resources */ = {isa = PBXBuildFile; fileRef = 442FFEAB18A78A1D001ECDAA /* InfoPlist.strings */; };
		442FFEAF18A78A1D001ECDAA /* CustomArticleBoardReaderV2Tests.m in Sources */ = {isa = PBXBuildFile; fileRef = 442FFEAE18A78A1D001ECDAA /* CustomArticleBoardReaderV2Tests.m */; };
		442FFEC018A78B5C001ECDAA /* czzAcUser.m in Sources */ = {isa = PBXBuildFile; fileRef = 442FFEB918A78B5C001ECDAA /* czzAcUser.m */; };
		442FFEC118A78B5C001ECDAA /* czzArticle.m in Sources */ = {isa = PBXBuildFile; fileRef = 442FFEBB18A78B5C001ECDAA /* czzArticle.m */; };
		442FFEC218A78B5C001ECDAA /* czzArticleDownloader.m in Sources */ = {isa = PBXBuildFile; fileRef = 442FFEBD18A78B5C001ECDAA /* czzArticleDownloader.m */; };
		442FFEC318A78B5C001ECDAA /* czzArticleListDownloader.m in Sources */ = {isa = PBXBuildFile; fileRef = 442FFEBF18A78B5C001ECDAA /* czzArticleListDownloader.m */; };
		442FFECB18A83D73001ECDAA /* Toast+UIView.m in Sources */ = {isa = PBXBuildFile; fileRef = 442FFECA18A83D73001ECDAA /* Toast+UIView.m */; settings = {COMPILER_FLAGS = "-fno-objc-arc"; }; };
		442FFECF18A84275001ECDAA /* czzArticleListViewController.m in Sources */ = {isa = PBXBuildFile; fileRef = 442FFECE18A84275001ECDAA /* czzArticleListViewController.m */; };
		442FFEE318A84560001ECDAA /* AdSupport.framework in Frameworks */ = {isa = PBXBuildFile; fileRef = 442FFEE218A84560001ECDAA /* AdSupport.framework */; };
		442FFEE518A84567001ECDAA /* AudioToolbox.framework in Frameworks */ = {isa = PBXBuildFile; fileRef = 442FFEE418A84567001ECDAA /* AudioToolbox.framework */; };
		442FFEE718A8456D001ECDAA /* AVFoundation.framework in Frameworks */ = {isa = PBXBuildFile; fileRef = 442FFEE618A8456D001ECDAA /* AVFoundation.framework */; };
		442FFEE918A8457A001ECDAA /* CoreTelephony.framework in Frameworks */ = {isa = PBXBuildFile; fileRef = 442FFEE818A8457A001ECDAA /* CoreTelephony.framework */; };
		442FFEEB18A84580001ECDAA /* MessageUI.framework in Frameworks */ = {isa = PBXBuildFile; fileRef = 442FFEEA18A84580001ECDAA /* MessageUI.framework */; };
		442FFEEF18A8458E001ECDAA /* SystemConfiguration.framework in Frameworks */ = {isa = PBXBuildFile; fileRef = 442FFEEE18A8458E001ECDAA /* SystemConfiguration.framework */; };
		442FFEF218A867EA001ECDAA /* czzArticlelViewController.m in Sources */ = {isa = PBXBuildFile; fileRef = 442FFEF118A867EA001ECDAA /* czzArticlelViewController.m */; };
		442FFEF518A8B140001ECDAA /* czzAcUserDownloader.m in Sources */ = {isa = PBXBuildFile; fileRef = 442FFEF418A8B140001ECDAA /* czzAcUserDownloader.m */; };
		442FFEFB18A8FCF4001ECDAA /* czzImageDownloader.m in Sources */ = {isa = PBXBuildFile; fileRef = 442FFEF818A8FCF4001ECDAA /* czzImageDownloader.m */; };
		442FFEFC18A8FCF4001ECDAA /* czzImageCentre.m in Sources */ = {isa = PBXBuildFile; fileRef = 442FFEFA18A8FCF4001ECDAA /* czzImageCentre.m */; };
		442FFF0018AA670D001ECDAA /* czzComment.m in Sources */ = {isa = PBXBuildFile; fileRef = 442FFEFF18AA670D001ECDAA /* czzComment.m */; };
		442FFF0418AA6830001ECDAA /* czzCommentDownloader.m in Sources */ = {isa = PBXBuildFile; fileRef = 442FFF0318AA6830001ECDAA /* czzCommentDownloader.m */; };
		442FFF0718AA7192001ECDAA /* czzCommentViewController.m in Sources */ = {isa = PBXBuildFile; fileRef = 442FFF0618AA7192001ECDAA /* czzCommentViewController.m */; };
		442FFF0918AB134D001ECDAA /* warning.png in Resources */ = {isa = PBXBuildFile; fileRef = 442FFF0818AB134D001ECDAA /* warning.png */; };
		4448864D18B9A381000A0504 /* NSString+HTML.m in Sources */ = {isa = PBXBuildFile; fileRef = 4448864C18B9A381000A0504 /* NSString+HTML.m */; };
		4448865018B9A3CD000A0504 /* GTMNSString+HTML.m in Sources */ = {isa = PBXBuildFile; fileRef = 4448864F18B9A3CD000A0504 /* GTMNSString+HTML.m */; settings = {COMPILER_FLAGS = "-fno-objc-arc"; }; };
		4485EF4518AFDB7C0031B3BC /* czzFavriouteManagerViewController.m in Sources */ = {isa = PBXBuildFile; fileRef = 4485EF4418AFDB7C0031B3BC /* czzFavriouteManagerViewController.m */; };
		4485EF4818B061060031B3BC /* czzArticleDescriptionViewController.m in Sources */ = {isa = PBXBuildFile; fileRef = 4485EF4718B061060031B3BC /* czzArticleDescriptionViewController.m */; };
		4485EF4B18B0A4700031B3BC /* czzSettingsViewController.m in Sources */ = {isa = PBXBuildFile; fileRef = 4485EF4A18B0A4700031B3BC /* czzSettingsViewController.m */; };
		4485EF5118B21F910031B3BC /* ac.png in Resources */ = {isa = PBXBuildFile; fileRef = 4485EF5018B21F910031B3BC /* ac.png */; };
		4485EF5318B21F950031B3BC /* ac@2x.png in Resources */ = {isa = PBXBuildFile; fileRef = 4485EF5218B21F950031B3BC /* ac@2x.png */; };
		4485EF7A18B22E200031B3BC /* cart.png in Resources */ = {isa = PBXBuildFile; fileRef = 4485EF6818B22E200031B3BC /* cart.png */; };
		4485EF7B18B22E200031B3BC /* cart@2x.png in Resources */ = {isa = PBXBuildFile; fileRef = 4485EF6918B22E200031B3BC /* cart@2x.png */; };
		4485EF7C18B22E200031B3BC /* chat.png in Resources */ = {isa = PBXBuildFile; fileRef = 4485EF6A18B22E200031B3BC /* chat.png */; };
		4485EF7D18B22E200031B3BC /* chat@2x.png in Resources */ = {isa = PBXBuildFile; fileRef = 4485EF6B18B22E200031B3BC /* chat@2x.png */; };
		4485EF7E18B22E200031B3BC /* comment.png in Resources */ = {isa = PBXBuildFile; fileRef = 4485EF6C18B22E200031B3BC /* comment.png */; };
		4485EF7F18B22E200031B3BC /* comment@2x.png in Resources */ = {isa = PBXBuildFile; fileRef = 4485EF6D18B22E200031B3BC /* comment@2x.png */; };
		4485EF8018B22E200031B3BC /* download.png in Resources */ = {isa = PBXBuildFile; fileRef = 4485EF6E18B22E200031B3BC /* download.png */; };
		4485EF8118B22E200031B3BC /* download@2x.png in Resources */ = {isa = PBXBuildFile; fileRef = 4485EF6F18B22E200031B3BC /* download@2x.png */; };
		4485EF8218B22E200031B3BC /* help.png in Resources */ = {isa = PBXBuildFile; fileRef = 4485EF7018B22E200031B3BC /* help.png */; };
		4485EF8318B22E200031B3BC /* help@2x.png in Resources */ = {isa = PBXBuildFile; fileRef = 4485EF7118B22E200031B3BC /* help@2x.png */; };
		4485EF8418B22E200031B3BC /* home.png in Resources */ = {isa = PBXBuildFile; fileRef = 4485EF7218B22E200031B3BC /* home.png */; };
		4485EF8518B22E200031B3BC /* home@2x.png in Resources */ = {isa = PBXBuildFile; fileRef = 4485EF7318B22E200031B3BC /* home@2x.png */; };
		4485EF8618B22E200031B3BC /* like.png in Resources */ = {isa = PBXBuildFile; fileRef = 4485EF7418B22E200031B3BC /* like.png */; };
		4485EF8718B22E200031B3BC /* like@2x.png in Resources */ = {isa = PBXBuildFile; fileRef = 4485EF7518B22E200031B3BC /* like@2x.png */; };
		4485EF8818B22E200031B3BC /* like_filled.png in Resources */ = {isa = PBXBuildFile; fileRef = 4485EF7618B22E200031B3BC /* like_filled.png */; };
		4485EF8918B22E200031B3BC /* like_filled@2x.png in Resources */ = {isa = PBXBuildFile; fileRef = 4485EF7718B22E200031B3BC /* like_filled@2x.png */; };
		4485EF8A18B22E200031B3BC /* settings.png in Resources */ = {isa = PBXBuildFile; fileRef = 4485EF7818B22E200031B3BC /* settings.png */; };
		4485EF8B18B22E200031B3BC /* settings@2x.png in Resources */ = {isa = PBXBuildFile; fileRef = 4485EF7918B22E200031B3BC /* settings@2x.png */; };
		4485EF9418B2319B0031B3BC /* display_image.png in Resources */ = {isa = PBXBuildFile; fileRef = 4485EF8C18B2319B0031B3BC /* display_image.png */; };
		4485EF9518B2319B0031B3BC /* display_image@2x.png in Resources */ = {isa = PBXBuildFile; fileRef = 4485EF8D18B2319B0031B3BC /* display_image@2x.png */; };
		4485EF9618B2319B0031B3BC /* display_normal.png in Resources */ = {isa = PBXBuildFile; fileRef = 4485EF8E18B2319B0031B3BC /* display_normal.png */; };
		4485EF9718B2319B0031B3BC /* display_normal@2x.png in Resources */ = {isa = PBXBuildFile; fileRef = 4485EF8F18B2319B0031B3BC /* display_normal@2x.png */; };
		4485EF9818B2319B0031B3BC /* share.png in Resources */ = {isa = PBXBuildFile; fileRef = 4485EF9018B2319B0031B3BC /* share.png */; };
		4485EF9918B2319B0031B3BC /* share@2x.png in Resources */ = {isa = PBXBuildFile; fileRef = 4485EF9118B2319B0031B3BC /* share@2x.png */; };
		4485EF9A18B2319B0031B3BC /* study.png in Resources */ = {isa = PBXBuildFile; fileRef = 4485EF9218B2319B0031B3BC /* study.png */; };
		4485EF9B18B2319B0031B3BC /* study@2x.png in Resources */ = {isa = PBXBuildFile; fileRef = 4485EF9318B2319B0031B3BC /* study@2x.png */; };
		4485EFA018B235FC0031B3BC /* news_paper.png in Resources */ = {isa = PBXBuildFile; fileRef = 4485EF9C18B235FC0031B3BC /* news_paper.png */; };
		4485EFA118B235FC0031B3BC /* news_paper@2x.png in Resources */ = {isa = PBXBuildFile; fileRef = 4485EF9D18B235FC0031B3BC /* news_paper@2x.png */; };
		4485EFA218B235FC0031B3BC /* notebook.png in Resources */ = {isa = PBXBuildFile; fileRef = 4485EF9E18B235FC0031B3BC /* notebook.png */; };
		4485EFA318B235FC0031B3BC /* notebook@2x.png in Resources */ = {isa = PBXBuildFile; fileRef = 4485EF9F18B235FC0031B3BC /* notebook@2x.png */; };
		4485EFA618B2F46E0031B3BC /* czzLoginViewController.m in Sources */ = {isa = PBXBuildFile; fileRef = 4485EFA518B2F46E0031B3BC /* czzLoginViewController.m */; };
		4485EFA918B2F53F0031B3BC /* czzMySelf.m in Sources */ = {isa = PBXBuildFile; fileRef = 4485EFA818B2F53F0031B3BC /* czzMySelf.m */; };
		4485EFC118B4F58D0031B3BC /* czzCommentUploader.m in Sources */ = {isa = PBXBuildFile; fileRef = 4485EFC018B4F58D0031B3BC /* czzCommentUploader.m */; };
		4485EFC418B4FC910031B3BC /* czzPostCommentViewController.m in Sources */ = {isa = PBXBuildFile; fileRef = 4485EFC318B4FC910031B3BC /* czzPostCommentViewController.m */; };
		44CCB76A18B721180024CBDB /* MediaPlayer.framework in Frameworks */ = {isa = PBXBuildFile; fileRef = 44CCB76918B721180024CBDB /* MediaPlayer.framework */; };
		44CCB76C18B7223D0024CBDB /* CoreData.framework in Frameworks */ = {isa = PBXBuildFile; fileRef = 44CCB76B18B7223D0024CBDB /* CoreData.framework */; };
		44F66FA918B6E63E0053EAF1 /* czzArticleTableViewController.m in Sources */ = {isa = PBXBuildFile; fileRef = 44F66FA818B6E63E0053EAF1 /* czzArticleTableViewController.m */; };
		5A7F77B918E97947009EAEE6 /* czzImageManagerViewController.m in Sources */ = {isa = PBXBuildFile; fileRef = 5A7F77B818E97947009EAEE6 /* czzImageManagerViewController.m */; };
		5A82115C19473F9600AEEF2F /* EmotionLabel.m in Sources */ = {isa = PBXBuildFile; fileRef = 5A82115B19473F9600AEEF2F /* EmotionLabel.m */; };
		5A82119B19473FA100AEEF2F /* CGUtils.m in Sources */ = {isa = PBXBuildFile; fileRef = 5A82115F19473FA100AEEF2F /* CGUtils.m */; };
		5A82119C19473FA100AEEF2F /* DTAttributedTextCell.m in Sources */ = {isa = PBXBuildFile; fileRef = 5A82116119473FA100AEEF2F /* DTAttributedTextCell.m */; };
		5A82119D19473FA100AEEF2F /* DTAttributedTextContentView.m in Sources */ = {isa = PBXBuildFile; fileRef = 5A82116319473FA100AEEF2F /* DTAttributedTextContentView.m */; settings = {COMPILER_FLAGS = "-fno-objc-arc"; }; };
		5A82119E19473FA100AEEF2F /* DTAttributedTextView.m in Sources */ = {isa = PBXBuildFile; fileRef = 5A82116519473FA100AEEF2F /* DTAttributedTextView.m */; };
		5A82119F19473FA100AEEF2F /* DTCoreTextFontCollection.m in Sources */ = {isa = PBXBuildFile; fileRef = 5A82116819473FA100AEEF2F /* DTCoreTextFontCollection.m */; };
		5A8211A019473FA100AEEF2F /* DTCoreTextFontDescriptor.m in Sources */ = {isa = PBXBuildFile; fileRef = 5A82116A19473FA100AEEF2F /* DTCoreTextFontDescriptor.m */; };
		5A8211A119473FA100AEEF2F /* DTCoreTextGlyphRun.m in Sources */ = {isa = PBXBuildFile; fileRef = 5A82116C19473FA100AEEF2F /* DTCoreTextGlyphRun.m */; settings = {COMPILER_FLAGS = "-fno-objc-arc"; }; };
		5A8211A219473FA100AEEF2F /* DTCoreTextLayouter.m in Sources */ = {isa = PBXBuildFile; fileRef = 5A82116E19473FA100AEEF2F /* DTCoreTextLayouter.m */; settings = {COMPILER_FLAGS = "-fno-objc-arc"; }; };
		5A8211A319473FA100AEEF2F /* DTCoreTextLayoutFrame.m in Sources */ = {isa = PBXBuildFile; fileRef = 5A82117019473FA100AEEF2F /* DTCoreTextLayoutFrame.m */; };
		5A8211A419473FA100AEEF2F /* DTCoreTextLayoutLine.m in Sources */ = {isa = PBXBuildFile; fileRef = 5A82117219473FA100AEEF2F /* DTCoreTextLayoutLine.m */; settings = {COMPILER_FLAGS = "-fno-objc-arc"; }; };
		5A8211A519473FA100AEEF2F /* DTCoreTextParagraphStyle.m in Sources */ = {isa = PBXBuildFile; fileRef = 5A82117419473FA100AEEF2F /* DTCoreTextParagraphStyle.m */; };
		5A8211A619473FA100AEEF2F /* DTCSSListStyle.m in Sources */ = {isa = PBXBuildFile; fileRef = 5A82117619473FA100AEEF2F /* DTCSSListStyle.m */; };
		5A8211A719473FA100AEEF2F /* DTCSSStylesheet.m in Sources */ = {isa = PBXBuildFile; fileRef = 5A82117819473FA100AEEF2F /* DTCSSStylesheet.m */; };
		5A8211A819473FA100AEEF2F /* DTHTMLElement.m in Sources */ = {isa = PBXBuildFile; fileRef = 5A82117A19473FA100AEEF2F /* DTHTMLElement.m */; };
		5A8211A919473FA100AEEF2F /* DTLazyImageView.m in Sources */ = {isa = PBXBuildFile; fileRef = 5A82117C19473FA100AEEF2F /* DTLazyImageView.m */; };
		5A8211AA19473FA100AEEF2F /* DTLinkButton.m in Sources */ = {isa = PBXBuildFile; fileRef = 5A82117E19473FA100AEEF2F /* DTLinkButton.m */; };
		5A8211AB19473FA100AEEF2F /* DTTextAttachment.m in Sources */ = {isa = PBXBuildFile; fileRef = 5A82118019473FA100AEEF2F /* DTTextAttachment.m */; };
		5A8211AC19473FA100AEEF2F /* DTWebVideoView.m in Sources */ = {isa = PBXBuildFile; fileRef = 5A82118219473FA100AEEF2F /* DTWebVideoView.m */; };
		5A8211AD19473FA100AEEF2F /* NSAttributedString+HTML.m in Sources */ = {isa = PBXBuildFile; fileRef = 5A82118419473FA100AEEF2F /* NSAttributedString+HTML.m */; };
		5A8211AE19473FA100AEEF2F /* NSAttributedStringRunDelegates.m in Sources */ = {isa = PBXBuildFile; fileRef = 5A82118619473FA100AEEF2F /* NSAttributedStringRunDelegates.m */; };
		5A8211AF19473FA100AEEF2F /* NSCharacterSet+HTML.m in Sources */ = {isa = PBXBuildFile; fileRef = 5A82118819473FA100AEEF2F /* NSCharacterSet+HTML.m */; };
		5A8211B019473FA100AEEF2F /* NSData+Base64.m in Sources */ = {isa = PBXBuildFile; fileRef = 5A82118A19473FA100AEEF2F /* NSData+Base64.m */; };
		5A8211B119473FA100AEEF2F /* NSMutableAttributedString+HTML.m in Sources */ = {isa = PBXBuildFile; fileRef = 5A82118C19473FA100AEEF2F /* NSMutableAttributedString+HTML.m */; };
		5A8211B219473FA100AEEF2F /* NSScanner+HTML.m in Sources */ = {isa = PBXBuildFile; fileRef = 5A82118E19473FA100AEEF2F /* NSScanner+HTML.m */; };
		5A8211B319473FA100AEEF2F /* NSString+HTML.m in Sources */ = {isa = PBXBuildFile; fileRef = 5A82119019473FA100AEEF2F /* NSString+HTML.m */; };
		5A8211B419473FA100AEEF2F /* NSString+Paragraphs.m in Sources */ = {isa = PBXBuildFile; fileRef = 5A82119219473FA100AEEF2F /* NSString+Paragraphs.m */; };
		5A8211B519473FA100AEEF2F /* NSString+UTF8Cleaner.m in Sources */ = {isa = PBXBuildFile; fileRef = 5A82119419473FA100AEEF2F /* NSString+UTF8Cleaner.m */; };
		5A8211B619473FA100AEEF2F /* NSURL+HTML.m in Sources */ = {isa = PBXBuildFile; fileRef = 5A82119619473FA100AEEF2F /* NSURL+HTML.m */; };
		5A8211B719473FA100AEEF2F /* UIColor+HTML.m in Sources */ = {isa = PBXBuildFile; fileRef = 5A82119819473FA100AEEF2F /* UIColor+HTML.m */; };
		5A8211B819473FA100AEEF2F /* UIDevice+DTVersion.m in Sources */ = {isa = PBXBuildFile; fileRef = 5A82119A19473FA100AEEF2F /* UIDevice+DTVersion.m */; };
		5AE09F3418D87B3300A9A591 /* libGoogleAdMobAds.a in Frameworks */ = {isa = PBXBuildFile; fileRef = 5AE09F3218D87B3300A9A591 /* libGoogleAdMobAds.a */; };
		5AE09F3518D87B3300A9A591 /* README.txt in Resources */ = {isa = PBXBuildFile; fileRef = 5AE09F3318D87B3300A9A591 /* README.txt */; };
		5AE09F3718D87B9F00A9A591 /* StoreKit.framework in Frameworks */ = {isa = PBXBuildFile; fileRef = 5AE09F3618D87B9F00A9A591 /* StoreKit.framework */; };
/* End PBXBuildFile section */

/* Begin PBXContainerItemProxy section */
		442FFEA618A78A1D001ECDAA /* PBXContainerItemProxy */ = {
			isa = PBXContainerItemProxy;
			containerPortal = 442FFE7818A78A1D001ECDAA /* Project object */;
			proxyType = 1;
			remoteGlobalIDString = 442FFE7F18A78A1D001ECDAA;
			remoteInfo = CustomArticleBoardReaderV2;
		};
/* End PBXContainerItemProxy section */

/* Begin PBXFileReference section */
		442FFE8018A78A1D001ECDAA /* CustomArticleBoardReaderV2.app */ = {isa = PBXFileReference; explicitFileType = wrapper.application; includeInIndex = 0; path = CustomArticleBoardReaderV2.app; sourceTree = BUILT_PRODUCTS_DIR; };
		442FFE8318A78A1D001ECDAA /* Foundation.framework */ = {isa = PBXFileReference; lastKnownFileType = wrapper.framework; name = Foundation.framework; path = System/Library/Frameworks/Foundation.framework; sourceTree = SDKROOT; };
		442FFE8518A78A1D001ECDAA /* CoreGraphics.framework */ = {isa = PBXFileReference; lastKnownFileType = wrapper.framework; name = CoreGraphics.framework; path = System/Library/Frameworks/CoreGraphics.framework; sourceTree = SDKROOT; };
		442FFE8718A78A1D001ECDAA /* UIKit.framework */ = {isa = PBXFileReference; lastKnownFileType = wrapper.framework; name = UIKit.framework; path = System/Library/Frameworks/UIKit.framework; sourceTree = SDKROOT; };
		442FFE8B18A78A1D001ECDAA /* CustomArticleBoardReaderV2-Info.plist */ = {isa = PBXFileReference; lastKnownFileType = text.plist.xml; path = "CustomArticleBoardReaderV2-Info.plist"; sourceTree = "<group>"; };
		442FFE8D18A78A1D001ECDAA /* en */ = {isa = PBXFileReference; lastKnownFileType = text.plist.strings; name = en; path = en.lproj/InfoPlist.strings; sourceTree = "<group>"; };
		442FFE8F18A78A1D001ECDAA /* main.m */ = {isa = PBXFileReference; lastKnownFileType = sourcecode.c.objc; path = main.m; sourceTree = "<group>"; };
		442FFE9118A78A1D001ECDAA /* CustomArticleBoardReaderV2-Prefix.pch */ = {isa = PBXFileReference; lastKnownFileType = sourcecode.c.h; path = "CustomArticleBoardReaderV2-Prefix.pch"; sourceTree = "<group>"; };
		442FFE9218A78A1D001ECDAA /* czzAppDelegate.h */ = {isa = PBXFileReference; lastKnownFileType = sourcecode.c.h; path = czzAppDelegate.h; sourceTree = "<group>"; };
		442FFE9318A78A1D001ECDAA /* czzAppDelegate.m */ = {isa = PBXFileReference; lastKnownFileType = sourcecode.c.objc; path = czzAppDelegate.m; sourceTree = "<group>"; };
		442FFE9618A78A1D001ECDAA /* Base */ = {isa = PBXFileReference; lastKnownFileType = file.storyboard; name = Base; path = Base.lproj/Main.storyboard; sourceTree = "<group>"; };
		442FFE9B18A78A1D001ECDAA /* Images.xcassets */ = {isa = PBXFileReference; lastKnownFileType = folder.assetcatalog; path = Images.xcassets; sourceTree = "<group>"; };
		442FFEA118A78A1D001ECDAA /* CustomArticleBoardReaderV2Tests.xctest */ = {isa = PBXFileReference; explicitFileType = wrapper.cfbundle; includeInIndex = 0; path = CustomArticleBoardReaderV2Tests.xctest; sourceTree = BUILT_PRODUCTS_DIR; };
		442FFEA218A78A1D001ECDAA /* XCTest.framework */ = {isa = PBXFileReference; lastKnownFileType = wrapper.framework; name = XCTest.framework; path = Library/Frameworks/XCTest.framework; sourceTree = DEVELOPER_DIR; };
		442FFEAA18A78A1D001ECDAA /* CustomArticleBoardReaderV2Tests-Info.plist */ = {isa = PBXFileReference; lastKnownFileType = text.plist.xml; path = "CustomArticleBoardReaderV2Tests-Info.plist"; sourceTree = "<group>"; };
		442FFEAC18A78A1D001ECDAA /* en */ = {isa = PBXFileReference; lastKnownFileType = text.plist.strings; name = en; path = en.lproj/InfoPlist.strings; sourceTree = "<group>"; };
		442FFEAE18A78A1D001ECDAA /* CustomArticleBoardReaderV2Tests.m */ = {isa = PBXFileReference; lastKnownFileType = sourcecode.c.objc; path = CustomArticleBoardReaderV2Tests.m; sourceTree = "<group>"; };
		442FFEB818A78B5C001ECDAA /* czzAcUser.h */ = {isa = PBXFileReference; fileEncoding = 4; lastKnownFileType = sourcecode.c.h; path = czzAcUser.h; sourceTree = "<group>"; };
		442FFEB918A78B5C001ECDAA /* czzAcUser.m */ = {isa = PBXFileReference; fileEncoding = 4; lastKnownFileType = sourcecode.c.objc; path = czzAcUser.m; sourceTree = "<group>"; };
		442FFEBA18A78B5C001ECDAA /* czzArticle.h */ = {isa = PBXFileReference; fileEncoding = 4; lastKnownFileType = sourcecode.c.h; path = czzArticle.h; sourceTree = "<group>"; };
		442FFEBB18A78B5C001ECDAA /* czzArticle.m */ = {isa = PBXFileReference; fileEncoding = 4; lastKnownFileType = sourcecode.c.objc; path = czzArticle.m; sourceTree = "<group>"; };
		442FFEBC18A78B5C001ECDAA /* czzArticleDownloader.h */ = {isa = PBXFileReference; fileEncoding = 4; lastKnownFileType = sourcecode.c.h; path = czzArticleDownloader.h; sourceTree = "<group>"; };
		442FFEBD18A78B5C001ECDAA /* czzArticleDownloader.m */ = {isa = PBXFileReference; fileEncoding = 4; lastKnownFileType = sourcecode.c.objc; path = czzArticleDownloader.m; sourceTree = "<group>"; };
		442FFEBE18A78B5C001ECDAA /* czzArticleListDownloader.h */ = {isa = PBXFileReference; fileEncoding = 4; lastKnownFileType = sourcecode.c.h; path = czzArticleListDownloader.h; sourceTree = "<group>"; };
		442FFEBF18A78B5C001ECDAA /* czzArticleListDownloader.m */ = {isa = PBXFileReference; fileEncoding = 4; lastKnownFileType = sourcecode.c.objc; path = czzArticleListDownloader.m; sourceTree = "<group>"; };
		442FFEC918A83D73001ECDAA /* Toast+UIView.h */ = {isa = PBXFileReference; fileEncoding = 4; lastKnownFileType = sourcecode.c.h; path = "Toast+UIView.h"; sourceTree = "<group>"; };
		442FFECA18A83D73001ECDAA /* Toast+UIView.m */ = {isa = PBXFileReference; fileEncoding = 4; lastKnownFileType = sourcecode.c.objc; path = "Toast+UIView.m"; sourceTree = "<group>"; };
		442FFECD18A84275001ECDAA /* czzArticleListViewController.h */ = {isa = PBXFileReference; fileEncoding = 4; lastKnownFileType = sourcecode.c.h; path = czzArticleListViewController.h; sourceTree = "<group>"; };
		442FFECE18A84275001ECDAA /* czzArticleListViewController.m */ = {isa = PBXFileReference; fileEncoding = 4; lastKnownFileType = sourcecode.c.objc; path = czzArticleListViewController.m; sourceTree = "<group>"; };
		442FFEE218A84560001ECDAA /* AdSupport.framework */ = {isa = PBXFileReference; lastKnownFileType = wrapper.framework; name = AdSupport.framework; path = System/Library/Frameworks/AdSupport.framework; sourceTree = SDKROOT; };
		442FFEE418A84567001ECDAA /* AudioToolbox.framework */ = {isa = PBXFileReference; lastKnownFileType = wrapper.framework; name = AudioToolbox.framework; path = System/Library/Frameworks/AudioToolbox.framework; sourceTree = SDKROOT; };
		442FFEE618A8456D001ECDAA /* AVFoundation.framework */ = {isa = PBXFileReference; lastKnownFileType = wrapper.framework; name = AVFoundation.framework; path = System/Library/Frameworks/AVFoundation.framework; sourceTree = SDKROOT; };
		442FFEE818A8457A001ECDAA /* CoreTelephony.framework */ = {isa = PBXFileReference; lastKnownFileType = wrapper.framework; name = CoreTelephony.framework; path = System/Library/Frameworks/CoreTelephony.framework; sourceTree = SDKROOT; };
		442FFEEA18A84580001ECDAA /* MessageUI.framework */ = {isa = PBXFileReference; lastKnownFileType = wrapper.framework; name = MessageUI.framework; path = System/Library/Frameworks/MessageUI.framework; sourceTree = SDKROOT; };
		442FFEEE18A8458E001ECDAA /* SystemConfiguration.framework */ = {isa = PBXFileReference; lastKnownFileType = wrapper.framework; name = SystemConfiguration.framework; path = System/Library/Frameworks/SystemConfiguration.framework; sourceTree = SDKROOT; };
		442FFEF018A867EA001ECDAA /* czzArticlelViewController.h */ = {isa = PBXFileReference; fileEncoding = 4; lastKnownFileType = sourcecode.c.h; path = czzArticlelViewController.h; sourceTree = "<group>"; };
		442FFEF118A867EA001ECDAA /* czzArticlelViewController.m */ = {isa = PBXFileReference; fileEncoding = 4; lastKnownFileType = sourcecode.c.objc; path = czzArticlelViewController.m; sourceTree = "<group>"; };
		442FFEF318A8B140001ECDAA /* czzAcUserDownloader.h */ = {isa = PBXFileReference; fileEncoding = 4; lastKnownFileType = sourcecode.c.h; path = czzAcUserDownloader.h; sourceTree = "<group>"; };
		442FFEF418A8B140001ECDAA /* czzAcUserDownloader.m */ = {isa = PBXFileReference; fileEncoding = 4; lastKnownFileType = sourcecode.c.objc; path = czzAcUserDownloader.m; sourceTree = "<group>"; };
		442FFEF718A8FCF4001ECDAA /* czzImageDownloader.h */ = {isa = PBXFileReference; fileEncoding = 4; lastKnownFileType = sourcecode.c.h; path = czzImageDownloader.h; sourceTree = "<group>"; };
		442FFEF818A8FCF4001ECDAA /* czzImageDownloader.m */ = {isa = PBXFileReference; fileEncoding = 4; lastKnownFileType = sourcecode.c.objc; path = czzImageDownloader.m; sourceTree = "<group>"; };
		442FFEF918A8FCF4001ECDAA /* czzImageCentre.h */ = {isa = PBXFileReference; fileEncoding = 4; lastKnownFileType = sourcecode.c.h; path = czzImageCentre.h; sourceTree = "<group>"; };
		442FFEFA18A8FCF4001ECDAA /* czzImageCentre.m */ = {isa = PBXFileReference; fileEncoding = 4; lastKnownFileType = sourcecode.c.objc; path = czzImageCentre.m; sourceTree = "<group>"; };
		442FFEFE18AA670D001ECDAA /* czzComment.h */ = {isa = PBXFileReference; fileEncoding = 4; lastKnownFileType = sourcecode.c.h; path = czzComment.h; sourceTree = "<group>"; };
		442FFEFF18AA670D001ECDAA /* czzComment.m */ = {isa = PBXFileReference; fileEncoding = 4; lastKnownFileType = sourcecode.c.objc; path = czzComment.m; sourceTree = "<group>"; };
		442FFF0218AA6830001ECDAA /* czzCommentDownloader.h */ = {isa = PBXFileReference; fileEncoding = 4; lastKnownFileType = sourcecode.c.h; path = czzCommentDownloader.h; sourceTree = "<group>"; };
		442FFF0318AA6830001ECDAA /* czzCommentDownloader.m */ = {isa = PBXFileReference; fileEncoding = 4; lastKnownFileType = sourcecode.c.objc; path = czzCommentDownloader.m; sourceTree = "<group>"; };
		442FFF0518AA7192001ECDAA /* czzCommentViewController.h */ = {isa = PBXFileReference; fileEncoding = 4; lastKnownFileType = sourcecode.c.h; path = czzCommentViewController.h; sourceTree = "<group>"; };
		442FFF0618AA7192001ECDAA /* czzCommentViewController.m */ = {isa = PBXFileReference; fileEncoding = 4; lastKnownFileType = sourcecode.c.objc; path = czzCommentViewController.m; sourceTree = "<group>"; };
		442FFF0818AB134D001ECDAA /* warning.png */ = {isa = PBXFileReference; lastKnownFileType = image.png; path = warning.png; sourceTree = "<group>"; };
		4448864B18B9A381000A0504 /* NSString+HTML.h */ = {isa = PBXFileReference; fileEncoding = 4; lastKnownFileType = sourcecode.c.h; path = "NSString+HTML.h"; sourceTree = "<group>"; };
		4448864C18B9A381000A0504 /* NSString+HTML.m */ = {isa = PBXFileReference; fileEncoding = 4; lastKnownFileType = sourcecode.c.objc; path = "NSString+HTML.m"; sourceTree = "<group>"; };
		4448864E18B9A3CD000A0504 /* GTMNSString+HTML.h */ = {isa = PBXFileReference; fileEncoding = 4; lastKnownFileType = sourcecode.c.h; path = "GTMNSString+HTML.h"; sourceTree = "<group>"; };
		4448864F18B9A3CD000A0504 /* GTMNSString+HTML.m */ = {isa = PBXFileReference; fileEncoding = 4; lastKnownFileType = sourcecode.c.objc; path = "GTMNSString+HTML.m"; sourceTree = "<group>"; };
		4485EF4318AFDB7C0031B3BC /* czzFavriouteManagerViewController.h */ = {isa = PBXFileReference; fileEncoding = 4; lastKnownFileType = sourcecode.c.h; path = czzFavriouteManagerViewController.h; sourceTree = "<group>"; };
		4485EF4418AFDB7C0031B3BC /* czzFavriouteManagerViewController.m */ = {isa = PBXFileReference; fileEncoding = 4; lastKnownFileType = sourcecode.c.objc; path = czzFavriouteManagerViewController.m; sourceTree = "<group>"; };
		4485EF4618B061060031B3BC /* czzArticleDescriptionViewController.h */ = {isa = PBXFileReference; fileEncoding = 4; lastKnownFileType = sourcecode.c.h; path = czzArticleDescriptionViewController.h; sourceTree = "<group>"; };
		4485EF4718B061060031B3BC /* czzArticleDescriptionViewController.m */ = {isa = PBXFileReference; fileEncoding = 4; lastKnownFileType = sourcecode.c.objc; path = czzArticleDescriptionViewController.m; sourceTree = "<group>"; };
		4485EF4918B0A4700031B3BC /* czzSettingsViewController.h */ = {isa = PBXFileReference; fileEncoding = 4; lastKnownFileType = sourcecode.c.h; path = czzSettingsViewController.h; sourceTree = "<group>"; };
		4485EF4A18B0A4700031B3BC /* czzSettingsViewController.m */ = {isa = PBXFileReference; fileEncoding = 4; lastKnownFileType = sourcecode.c.objc; path = czzSettingsViewController.m; sourceTree = "<group>"; };
		4485EF5018B21F910031B3BC /* ac.png */ = {isa = PBXFileReference; lastKnownFileType = image.png; path = ac.png; sourceTree = "<group>"; };
		4485EF5218B21F950031B3BC /* ac@2x.png */ = {isa = PBXFileReference; lastKnownFileType = image.png; path = "ac@2x.png"; sourceTree = "<group>"; };
		4485EF6818B22E200031B3BC /* cart.png */ = {isa = PBXFileReference; lastKnownFileType = image.png; path = cart.png; sourceTree = "<group>"; };
		4485EF6918B22E200031B3BC /* cart@2x.png */ = {isa = PBXFileReference; lastKnownFileType = image.png; path = "cart@2x.png"; sourceTree = "<group>"; };
		4485EF6A18B22E200031B3BC /* chat.png */ = {isa = PBXFileReference; lastKnownFileType = image.png; path = chat.png; sourceTree = "<group>"; };
		4485EF6B18B22E200031B3BC /* chat@2x.png */ = {isa = PBXFileReference; lastKnownFileType = image.png; path = "chat@2x.png"; sourceTree = "<group>"; };
		4485EF6C18B22E200031B3BC /* comment.png */ = {isa = PBXFileReference; lastKnownFileType = image.png; path = comment.png; sourceTree = "<group>"; };
		4485EF6D18B22E200031B3BC /* comment@2x.png */ = {isa = PBXFileReference; lastKnownFileType = image.png; path = "comment@2x.png"; sourceTree = "<group>"; };
		4485EF6E18B22E200031B3BC /* download.png */ = {isa = PBXFileReference; lastKnownFileType = image.png; path = download.png; sourceTree = "<group>"; };
		4485EF6F18B22E200031B3BC /* download@2x.png */ = {isa = PBXFileReference; lastKnownFileType = image.png; path = "download@2x.png"; sourceTree = "<group>"; };
		4485EF7018B22E200031B3BC /* help.png */ = {isa = PBXFileReference; lastKnownFileType = image.png; path = help.png; sourceTree = "<group>"; };
		4485EF7118B22E200031B3BC /* help@2x.png */ = {isa = PBXFileReference; lastKnownFileType = image.png; path = "help@2x.png"; sourceTree = "<group>"; };
		4485EF7218B22E200031B3BC /* home.png */ = {isa = PBXFileReference; lastKnownFileType = image.png; path = home.png; sourceTree = "<group>"; };
		4485EF7318B22E200031B3BC /* home@2x.png */ = {isa = PBXFileReference; lastKnownFileType = image.png; path = "home@2x.png"; sourceTree = "<group>"; };
		4485EF7418B22E200031B3BC /* like.png */ = {isa = PBXFileReference; lastKnownFileType = image.png; path = like.png; sourceTree = "<group>"; };
		4485EF7518B22E200031B3BC /* like@2x.png */ = {isa = PBXFileReference; lastKnownFileType = image.png; path = "like@2x.png"; sourceTree = "<group>"; };
		4485EF7618B22E200031B3BC /* like_filled.png */ = {isa = PBXFileReference; lastKnownFileType = image.png; path = like_filled.png; sourceTree = "<group>"; };
		4485EF7718B22E200031B3BC /* like_filled@2x.png */ = {isa = PBXFileReference; lastKnownFileType = image.png; path = "like_filled@2x.png"; sourceTree = "<group>"; };
		4485EF7818B22E200031B3BC /* settings.png */ = {isa = PBXFileReference; lastKnownFileType = image.png; path = settings.png; sourceTree = "<group>"; };
		4485EF7918B22E200031B3BC /* settings@2x.png */ = {isa = PBXFileReference; lastKnownFileType = image.png; path = "settings@2x.png"; sourceTree = "<group>"; };
		4485EF8C18B2319B0031B3BC /* display_image.png */ = {isa = PBXFileReference; lastKnownFileType = image.png; path = display_image.png; sourceTree = "<group>"; };
		4485EF8D18B2319B0031B3BC /* display_image@2x.png */ = {isa = PBXFileReference; lastKnownFileType = image.png; path = "display_image@2x.png"; sourceTree = "<group>"; };
		4485EF8E18B2319B0031B3BC /* display_normal.png */ = {isa = PBXFileReference; lastKnownFileType = image.png; path = display_normal.png; sourceTree = "<group>"; };
		4485EF8F18B2319B0031B3BC /* display_normal@2x.png */ = {isa = PBXFileReference; lastKnownFileType = image.png; path = "display_normal@2x.png"; sourceTree = "<group>"; };
		4485EF9018B2319B0031B3BC /* share.png */ = {isa = PBXFileReference; lastKnownFileType = image.png; path = share.png; sourceTree = "<group>"; };
		4485EF9118B2319B0031B3BC /* share@2x.png */ = {isa = PBXFileReference; lastKnownFileType = image.png; path = "share@2x.png"; sourceTree = "<group>"; };
		4485EF9218B2319B0031B3BC /* study.png */ = {isa = PBXFileReference; lastKnownFileType = image.png; path = study.png; sourceTree = "<group>"; };
		4485EF9318B2319B0031B3BC /* study@2x.png */ = {isa = PBXFileReference; lastKnownFileType = image.png; path = "study@2x.png"; sourceTree = "<group>"; };
		4485EF9C18B235FC0031B3BC /* news_paper.png */ = {isa = PBXFileReference; lastKnownFileType = image.png; path = news_paper.png; sourceTree = "<group>"; };
		4485EF9D18B235FC0031B3BC /* news_paper@2x.png */ = {isa = PBXFileReference; lastKnownFileType = image.png; path = "news_paper@2x.png"; sourceTree = "<group>"; };
		4485EF9E18B235FC0031B3BC /* notebook.png */ = {isa = PBXFileReference; lastKnownFileType = image.png; path = notebook.png; sourceTree = "<group>"; };
		4485EF9F18B235FC0031B3BC /* notebook@2x.png */ = {isa = PBXFileReference; lastKnownFileType = image.png; path = "notebook@2x.png"; sourceTree = "<group>"; };
		4485EFA418B2F46E0031B3BC /* czzLoginViewController.h */ = {isa = PBXFileReference; fileEncoding = 4; lastKnownFileType = sourcecode.c.h; path = czzLoginViewController.h; sourceTree = "<group>"; };
		4485EFA518B2F46E0031B3BC /* czzLoginViewController.m */ = {isa = PBXFileReference; fileEncoding = 4; lastKnownFileType = sourcecode.c.objc; path = czzLoginViewController.m; sourceTree = "<group>"; };
		4485EFA718B2F53F0031B3BC /* czzMySelf.h */ = {isa = PBXFileReference; fileEncoding = 4; lastKnownFileType = sourcecode.c.h; path = czzMySelf.h; sourceTree = "<group>"; };
		4485EFA818B2F53F0031B3BC /* czzMySelf.m */ = {isa = PBXFileReference; fileEncoding = 4; lastKnownFileType = sourcecode.c.objc; path = czzMySelf.m; sourceTree = "<group>"; };
		4485EFBF18B4F58D0031B3BC /* czzCommentUploader.h */ = {isa = PBXFileReference; fileEncoding = 4; lastKnownFileType = sourcecode.c.h; path = czzCommentUploader.h; sourceTree = "<group>"; };
		4485EFC018B4F58D0031B3BC /* czzCommentUploader.m */ = {isa = PBXFileReference; fileEncoding = 4; lastKnownFileType = sourcecode.c.objc; path = czzCommentUploader.m; sourceTree = "<group>"; };
		4485EFC218B4FC910031B3BC /* czzPostCommentViewController.h */ = {isa = PBXFileReference; fileEncoding = 4; lastKnownFileType = sourcecode.c.h; path = czzPostCommentViewController.h; sourceTree = "<group>"; };
		4485EFC318B4FC910031B3BC /* czzPostCommentViewController.m */ = {isa = PBXFileReference; fileEncoding = 4; lastKnownFileType = sourcecode.c.objc; path = czzPostCommentViewController.m; sourceTree = "<group>"; };
		44CCB76918B721180024CBDB /* MediaPlayer.framework */ = {isa = PBXFileReference; lastKnownFileType = wrapper.framework; name = MediaPlayer.framework; path = System/Library/Frameworks/MediaPlayer.framework; sourceTree = SDKROOT; };
		44CCB76B18B7223D0024CBDB /* CoreData.framework */ = {isa = PBXFileReference; lastKnownFileType = wrapper.framework; name = CoreData.framework; path = System/Library/Frameworks/CoreData.framework; sourceTree = SDKROOT; };
		44F66FA718B6E63E0053EAF1 /* czzArticleTableViewController.h */ = {isa = PBXFileReference; fileEncoding = 4; lastKnownFileType = sourcecode.c.h; path = czzArticleTableViewController.h; sourceTree = "<group>"; };
		44F66FA818B6E63E0053EAF1 /* czzArticleTableViewController.m */ = {isa = PBXFileReference; fileEncoding = 4; lastKnownFileType = sourcecode.c.objc; path = czzArticleTableViewController.m; sourceTree = "<group>"; };
		5A7F77B718E97947009EAEE6 /* czzImageManagerViewController.h */ = {isa = PBXFileReference; fileEncoding = 4; lastKnownFileType = sourcecode.c.h; path = czzImageManagerViewController.h; sourceTree = "<group>"; };
		5A7F77B818E97947009EAEE6 /* czzImageManagerViewController.m */ = {isa = PBXFileReference; fileEncoding = 4; lastKnownFileType = sourcecode.c.objc; path = czzImageManagerViewController.m; sourceTree = "<group>"; };
		5A82115A19473F9600AEEF2F /* EmotionLabel.h */ = {isa = PBXFileReference; fileEncoding = 4; lastKnownFileType = sourcecode.c.h; path = EmotionLabel.h; sourceTree = "<group>"; };
		5A82115B19473F9600AEEF2F /* EmotionLabel.m */ = {isa = PBXFileReference; fileEncoding = 4; lastKnownFileType = sourcecode.c.objc; path = EmotionLabel.m; sourceTree = "<group>"; };
		5A82115E19473FA100AEEF2F /* CGUtils.h */ = {isa = PBXFileReference; fileEncoding = 4; lastKnownFileType = sourcecode.c.h; path = CGUtils.h; sourceTree = "<group>"; };
		5A82115F19473FA100AEEF2F /* CGUtils.m */ = {isa = PBXFileReference; fileEncoding = 4; lastKnownFileType = sourcecode.c.objc; path = CGUtils.m; sourceTree = "<group>"; };
		5A82116019473FA100AEEF2F /* DTAttributedTextCell.h */ = {isa = PBXFileReference; fileEncoding = 4; lastKnownFileType = sourcecode.c.h; path = DTAttributedTextCell.h; sourceTree = "<group>"; };
		5A82116119473FA100AEEF2F /* DTAttributedTextCell.m */ = {isa = PBXFileReference; fileEncoding = 4; lastKnownFileType = sourcecode.c.objc; path = DTAttributedTextCell.m; sourceTree = "<group>"; };
		5A82116219473FA100AEEF2F /* DTAttributedTextContentView.h */ = {isa = PBXFileReference; fileEncoding = 4; lastKnownFileType = sourcecode.c.h; path = DTAttributedTextContentView.h; sourceTree = "<group>"; };
		5A82116319473FA100AEEF2F /* DTAttributedTextContentView.m */ = {isa = PBXFileReference; fileEncoding = 4; lastKnownFileType = sourcecode.c.objc; path = DTAttributedTextContentView.m; sourceTree = "<group>"; };
		5A82116419473FA100AEEF2F /* DTAttributedTextView.h */ = {isa = PBXFileReference; fileEncoding = 4; lastKnownFileType = sourcecode.c.h; path = DTAttributedTextView.h; sourceTree = "<group>"; };
		5A82116519473FA100AEEF2F /* DTAttributedTextView.m */ = {isa = PBXFileReference; fileEncoding = 4; lastKnownFileType = sourcecode.c.objc; path = DTAttributedTextView.m; sourceTree = "<group>"; };
		5A82116619473FA100AEEF2F /* DTCoreText.h */ = {isa = PBXFileReference; fileEncoding = 4; lastKnownFileType = sourcecode.c.h; path = DTCoreText.h; sourceTree = "<group>"; };
		5A82116719473FA100AEEF2F /* DTCoreTextFontCollection.h */ = {isa = PBXFileReference; fileEncoding = 4; lastKnownFileType = sourcecode.c.h; path = DTCoreTextFontCollection.h; sourceTree = "<group>"; };
		5A82116819473FA100AEEF2F /* DTCoreTextFontCollection.m */ = {isa = PBXFileReference; fileEncoding = 4; lastKnownFileType = sourcecode.c.objc; path = DTCoreTextFontCollection.m; sourceTree = "<group>"; };
		5A82116919473FA100AEEF2F /* DTCoreTextFontDescriptor.h */ = {isa = PBXFileReference; fileEncoding = 4; lastKnownFileType = sourcecode.c.h; path = DTCoreTextFontDescriptor.h; sourceTree = "<group>"; };
		5A82116A19473FA100AEEF2F /* DTCoreTextFontDescriptor.m */ = {isa = PBXFileReference; fileEncoding = 4; lastKnownFileType = sourcecode.c.objc; path = DTCoreTextFontDescriptor.m; sourceTree = "<group>"; };
		5A82116B19473FA100AEEF2F /* DTCoreTextGlyphRun.h */ = {isa = PBXFileReference; fileEncoding = 4; lastKnownFileType = sourcecode.c.h; path = DTCoreTextGlyphRun.h; sourceTree = "<group>"; };
		5A82116C19473FA100AEEF2F /* DTCoreTextGlyphRun.m */ = {isa = PBXFileReference; fileEncoding = 4; lastKnownFileType = sourcecode.c.objc; path = DTCoreTextGlyphRun.m; sourceTree = "<group>"; };
		5A82116D19473FA100AEEF2F /* DTCoreTextLayouter.h */ = {isa = PBXFileReference; fileEncoding = 4; lastKnownFileType = sourcecode.c.h; path = DTCoreTextLayouter.h; sourceTree = "<group>"; };
		5A82116E19473FA100AEEF2F /* DTCoreTextLayouter.m */ = {isa = PBXFileReference; fileEncoding = 4; lastKnownFileType = sourcecode.c.objc; path = DTCoreTextLayouter.m; sourceTree = "<group>"; };
		5A82116F19473FA100AEEF2F /* DTCoreTextLayoutFrame.h */ = {isa = PBXFileReference; fileEncoding = 4; lastKnownFileType = sourcecode.c.h; path = DTCoreTextLayoutFrame.h; sourceTree = "<group>"; };
		5A82117019473FA100AEEF2F /* DTCoreTextLayoutFrame.m */ = {isa = PBXFileReference; fileEncoding = 4; lastKnownFileType = sourcecode.c.objc; path = DTCoreTextLayoutFrame.m; sourceTree = "<group>"; };
		5A82117119473FA100AEEF2F /* DTCoreTextLayoutLine.h */ = {isa = PBXFileReference; fileEncoding = 4; lastKnownFileType = sourcecode.c.h; path = DTCoreTextLayoutLine.h; sourceTree = "<group>"; };
		5A82117219473FA100AEEF2F /* DTCoreTextLayoutLine.m */ = {isa = PBXFileReference; fileEncoding = 4; lastKnownFileType = sourcecode.c.objc; path = DTCoreTextLayoutLine.m; sourceTree = "<group>"; };
		5A82117319473FA100AEEF2F /* DTCoreTextParagraphStyle.h */ = {isa = PBXFileReference; fileEncoding = 4; lastKnownFileType = sourcecode.c.h; path = DTCoreTextParagraphStyle.h; sourceTree = "<group>"; };
		5A82117419473FA100AEEF2F /* DTCoreTextParagraphStyle.m */ = {isa = PBXFileReference; fileEncoding = 4; lastKnownFileType = sourcecode.c.objc; path = DTCoreTextParagraphStyle.m; sourceTree = "<group>"; };
		5A82117519473FA100AEEF2F /* DTCSSListStyle.h */ = {isa = PBXFileReference; fileEncoding = 4; lastKnownFileType = sourcecode.c.h; path = DTCSSListStyle.h; sourceTree = "<group>"; };
		5A82117619473FA100AEEF2F /* DTCSSListStyle.m */ = {isa = PBXFileReference; fileEncoding = 4; lastKnownFileType = sourcecode.c.objc; path = DTCSSListStyle.m; sourceTree = "<group>"; };
		5A82117719473FA100AEEF2F /* DTCSSStylesheet.h */ = {isa = PBXFileReference; fileEncoding = 4; lastKnownFileType = sourcecode.c.h; path = DTCSSStylesheet.h; sourceTree = "<group>"; };
		5A82117819473FA100AEEF2F /* DTCSSStylesheet.m */ = {isa = PBXFileReference; fileEncoding = 4; lastKnownFileType = sourcecode.c.objc; path = DTCSSStylesheet.m; sourceTree = "<group>"; };
		5A82117919473FA100AEEF2F /* DTHTMLElement.h */ = {isa = PBXFileReference; fileEncoding = 4; lastKnownFileType = sourcecode.c.h; path = DTHTMLElement.h; sourceTree = "<group>"; };
		5A82117A19473FA100AEEF2F /* DTHTMLElement.m */ = {isa = PBXFileReference; fileEncoding = 4; lastKnownFileType = sourcecode.c.objc; path = DTHTMLElement.m; sourceTree = "<group>"; };
		5A82117B19473FA100AEEF2F /* DTLazyImageView.h */ = {isa = PBXFileReference; fileEncoding = 4; lastKnownFileType = sourcecode.c.h; path = DTLazyImageView.h; sourceTree = "<group>"; };
		5A82117C19473FA100AEEF2F /* DTLazyImageView.m */ = {isa = PBXFileReference; fileEncoding = 4; lastKnownFileType = sourcecode.c.objc; path = DTLazyImageView.m; sourceTree = "<group>"; };
		5A82117D19473FA100AEEF2F /* DTLinkButton.h */ = {isa = PBXFileReference; fileEncoding = 4; lastKnownFileType = sourcecode.c.h; path = DTLinkButton.h; sourceTree = "<group>"; };
		5A82117E19473FA100AEEF2F /* DTLinkButton.m */ = {isa = PBXFileReference; fileEncoding = 4; lastKnownFileType = sourcecode.c.objc; path = DTLinkButton.m; sourceTree = "<group>"; };
		5A82117F19473FA100AEEF2F /* DTTextAttachment.h */ = {isa = PBXFileReference; fileEncoding = 4; lastKnownFileType = sourcecode.c.h; path = DTTextAttachment.h; sourceTree = "<group>"; };
		5A82118019473FA100AEEF2F /* DTTextAttachment.m */ = {isa = PBXFileReference; fileEncoding = 4; lastKnownFileType = sourcecode.c.objc; path = DTTextAttachment.m; sourceTree = "<group>"; };
		5A82118119473FA100AEEF2F /* DTWebVideoView.h */ = {isa = PBXFileReference; fileEncoding = 4; lastKnownFileType = sourcecode.c.h; path = DTWebVideoView.h; sourceTree = "<group>"; };
		5A82118219473FA100AEEF2F /* DTWebVideoView.m */ = {isa = PBXFileReference; fileEncoding = 4; lastKnownFileType = sourcecode.c.objc; path = DTWebVideoView.m; sourceTree = "<group>"; };
		5A82118319473FA100AEEF2F /* NSAttributedString+HTML.h */ = {isa = PBXFileReference; fileEncoding = 4; lastKnownFileType = sourcecode.c.h; path = "NSAttributedString+HTML.h"; sourceTree = "<group>"; };
		5A82118419473FA100AEEF2F /* NSAttributedString+HTML.m */ = {isa = PBXFileReference; fileEncoding = 4; lastKnownFileType = sourcecode.c.objc; path = "NSAttributedString+HTML.m"; sourceTree = "<group>"; };
		5A82118519473FA100AEEF2F /* NSAttributedStringRunDelegates.h */ = {isa = PBXFileReference; fileEncoding = 4; lastKnownFileType = sourcecode.c.h; path = NSAttributedStringRunDelegates.h; sourceTree = "<group>"; };
		5A82118619473FA100AEEF2F /* NSAttributedStringRunDelegates.m */ = {isa = PBXFileReference; fileEncoding = 4; lastKnownFileType = sourcecode.c.objc; path = NSAttributedStringRunDelegates.m; sourceTree = "<group>"; };
		5A82118719473FA100AEEF2F /* NSCharacterSet+HTML.h */ = {isa = PBXFileReference; fileEncoding = 4; lastKnownFileType = sourcecode.c.h; path = "NSCharacterSet+HTML.h"; sourceTree = "<group>"; };
		5A82118819473FA100AEEF2F /* NSCharacterSet+HTML.m */ = {isa = PBXFileReference; fileEncoding = 4; lastKnownFileType = sourcecode.c.objc; path = "NSCharacterSet+HTML.m"; sourceTree = "<group>"; };
		5A82118919473FA100AEEF2F /* NSData+Base64.h */ = {isa = PBXFileReference; fileEncoding = 4; lastKnownFileType = sourcecode.c.h; path = "NSData+Base64.h"; sourceTree = "<group>"; };
		5A82118A19473FA100AEEF2F /* NSData+Base64.m */ = {isa = PBXFileReference; fileEncoding = 4; lastKnownFileType = sourcecode.c.objc; path = "NSData+Base64.m"; sourceTree = "<group>"; };
		5A82118B19473FA100AEEF2F /* NSMutableAttributedString+HTML.h */ = {isa = PBXFileReference; fileEncoding = 4; lastKnownFileType = sourcecode.c.h; path = "NSMutableAttributedString+HTML.h"; sourceTree = "<group>"; };
		5A82118C19473FA100AEEF2F /* NSMutableAttributedString+HTML.m */ = {isa = PBXFileReference; fileEncoding = 4; lastKnownFileType = sourcecode.c.objc; path = "NSMutableAttributedString+HTML.m"; sourceTree = "<group>"; };
		5A82118D19473FA100AEEF2F /* NSScanner+HTML.h */ = {isa = PBXFileReference; fileEncoding = 4; lastKnownFileType = sourcecode.c.h; path = "NSScanner+HTML.h"; sourceTree = "<group>"; };
		5A82118E19473FA100AEEF2F /* NSScanner+HTML.m */ = {isa = PBXFileReference; fileEncoding = 4; lastKnownFileType = sourcecode.c.objc; path = "NSScanner+HTML.m"; sourceTree = "<group>"; };
		5A82118F19473FA100AEEF2F /* NSString+HTML.h */ = {isa = PBXFileReference; fileEncoding = 4; lastKnownFileType = sourcecode.c.h; path = "NSString+HTML.h"; sourceTree = "<group>"; };
		5A82119019473FA100AEEF2F /* NSString+HTML.m */ = {isa = PBXFileReference; fileEncoding = 4; lastKnownFileType = sourcecode.c.objc; path = "NSString+HTML.m"; sourceTree = "<group>"; };
		5A82119119473FA100AEEF2F /* NSString+Paragraphs.h */ = {isa = PBXFileReference; fileEncoding = 4; lastKnownFileType = sourcecode.c.h; path = "NSString+Paragraphs.h"; sourceTree = "<group>"; };
		5A82119219473FA100AEEF2F /* NSString+Paragraphs.m */ = {isa = PBXFileReference; fileEncoding = 4; lastKnownFileType = sourcecode.c.objc; path = "NSString+Paragraphs.m"; sourceTree = "<group>"; };
		5A82119319473FA100AEEF2F /* NSString+UTF8Cleaner.h */ = {isa = PBXFileReference; fileEncoding = 4; lastKnownFileType = sourcecode.c.h; path = "NSString+UTF8Cleaner.h"; sourceTree = "<group>"; };
		5A82119419473FA100AEEF2F /* NSString+UTF8Cleaner.m */ = {isa = PBXFileReference; fileEncoding = 4; lastKnownFileType = sourcecode.c.objc; path = "NSString+UTF8Cleaner.m"; sourceTree = "<group>"; };
		5A82119519473FA100AEEF2F /* NSURL+HTML.h */ = {isa = PBXFileReference; fileEncoding = 4; lastKnownFileType = sourcecode.c.h; path = "NSURL+HTML.h"; sourceTree = "<group>"; };
		5A82119619473FA100AEEF2F /* NSURL+HTML.m */ = {isa = PBXFileReference; fileEncoding = 4; lastKnownFileType = sourcecode.c.objc; path = "NSURL+HTML.m"; sourceTree = "<group>"; };
		5A82119719473FA100AEEF2F /* UIColor+HTML.h */ = {isa = PBXFileReference; fileEncoding = 4; lastKnownFileType = sourcecode.c.h; path = "UIColor+HTML.h"; sourceTree = "<group>"; };
		5A82119819473FA100AEEF2F /* UIColor+HTML.m */ = {isa = PBXFileReference; fileEncoding = 4; lastKnownFileType = sourcecode.c.objc; path = "UIColor+HTML.m"; sourceTree = "<group>"; };
		5A82119919473FA100AEEF2F /* UIDevice+DTVersion.h */ = {isa = PBXFileReference; fileEncoding = 4; lastKnownFileType = sourcecode.c.h; path = "UIDevice+DTVersion.h"; sourceTree = "<group>"; };
		5A82119A19473FA100AEEF2F /* UIDevice+DTVersion.m */ = {isa = PBXFileReference; fileEncoding = 4; lastKnownFileType = sourcecode.c.objc; path = "UIDevice+DTVersion.m"; sourceTree = "<group>"; };
		5AE09F2918D87B3300A9A591 /* GADAdMobExtras.h */ = {isa = PBXFileReference; fileEncoding = 4; lastKnownFileType = sourcecode.c.h; path = GADAdMobExtras.h; sourceTree = "<group>"; };
		5AE09F2A18D87B3300A9A591 /* GADAdNetworkExtras.h */ = {isa = PBXFileReference; fileEncoding = 4; lastKnownFileType = sourcecode.c.h; path = GADAdNetworkExtras.h; sourceTree = "<group>"; };
		5AE09F2B18D87B3300A9A591 /* GADAdSize.h */ = {isa = PBXFileReference; fileEncoding = 4; lastKnownFileType = sourcecode.c.h; path = GADAdSize.h; sourceTree = "<group>"; };
		5AE09F2C18D87B3300A9A591 /* GADBannerView.h */ = {isa = PBXFileReference; fileEncoding = 4; lastKnownFileType = sourcecode.c.h; path = GADBannerView.h; sourceTree = "<group>"; };
		5AE09F2D18D87B3300A9A591 /* GADBannerViewDelegate.h */ = {isa = PBXFileReference; fileEncoding = 4; lastKnownFileType = sourcecode.c.h; path = GADBannerViewDelegate.h; sourceTree = "<group>"; };
		5AE09F2E18D87B3300A9A591 /* GADInterstitial.h */ = {isa = PBXFileReference; fileEncoding = 4; lastKnownFileType = sourcecode.c.h; path = GADInterstitial.h; sourceTree = "<group>"; };
		5AE09F2F18D87B3300A9A591 /* GADInterstitialDelegate.h */ = {isa = PBXFileReference; fileEncoding = 4; lastKnownFileType = sourcecode.c.h; path = GADInterstitialDelegate.h; sourceTree = "<group>"; };
		5AE09F3018D87B3300A9A591 /* GADRequest.h */ = {isa = PBXFileReference; fileEncoding = 4; lastKnownFileType = sourcecode.c.h; path = GADRequest.h; sourceTree = "<group>"; };
		5AE09F3118D87B3300A9A591 /* GADRequestError.h */ = {isa = PBXFileReference; fileEncoding = 4; lastKnownFileType = sourcecode.c.h; path = GADRequestError.h; sourceTree = "<group>"; };
		5AE09F3218D87B3300A9A591 /* libGoogleAdMobAds.a */ = {isa = PBXFileReference; lastKnownFileType = archive.ar; path = libGoogleAdMobAds.a; sourceTree = "<group>"; };
		5AE09F3318D87B3300A9A591 /* README.txt */ = {isa = PBXFileReference; fileEncoding = 4; lastKnownFileType = text; path = README.txt; sourceTree = "<group>"; };
		5AE09F3618D87B9F00A9A591 /* StoreKit.framework */ = {isa = PBXFileReference; lastKnownFileType = wrapper.framework; name = StoreKit.framework; path = System/Library/Frameworks/StoreKit.framework; sourceTree = SDKROOT; };
/* End PBXFileReference section */

/* Begin PBXFrameworksBuildPhase section */
		442FFE7D18A78A1D001ECDAA /* Frameworks */ = {
			isa = PBXFrameworksBuildPhase;
			buildActionMask = 2147483647;
			files = (
				5AE09F3718D87B9F00A9A591 /* StoreKit.framework in Frameworks */,
				442FFEE918A8457A001ECDAA /* CoreTelephony.framework in Frameworks */,
				44CCB76C18B7223D0024CBDB /* CoreData.framework in Frameworks */,
				44CCB76A18B721180024CBDB /* MediaPlayer.framework in Frameworks */,
				442FFEEF18A8458E001ECDAA /* SystemConfiguration.framework in Frameworks */,
				442FFEEB18A84580001ECDAA /* MessageUI.framework in Frameworks */,
				5AE09F3418D87B3300A9A591 /* libGoogleAdMobAds.a in Frameworks */,
				442FFE8618A78A1D001ECDAA /* CoreGraphics.framework in Frameworks */,
				442FFEE718A8456D001ECDAA /* AVFoundation.framework in Frameworks */,
				442FFEE518A84567001ECDAA /* AudioToolbox.framework in Frameworks */,
				442FFEE318A84560001ECDAA /* AdSupport.framework in Frameworks */,
				442FFE8818A78A1D001ECDAA /* UIKit.framework in Frameworks */,
				442FFE8418A78A1D001ECDAA /* Foundation.framework in Frameworks */,
			);
			runOnlyForDeploymentPostprocessing = 0;
		};
		442FFE9E18A78A1D001ECDAA /* Frameworks */ = {
			isa = PBXFrameworksBuildPhase;
			buildActionMask = 2147483647;
			files = (
				442FFEA318A78A1D001ECDAA /* XCTest.framework in Frameworks */,
				442FFEA518A78A1D001ECDAA /* UIKit.framework in Frameworks */,
				442FFEA418A78A1D001ECDAA /* Foundation.framework in Frameworks */,
			);
			runOnlyForDeploymentPostprocessing = 0;
		};
/* End PBXFrameworksBuildPhase section */

/* Begin PBXGroup section */
		442FFE7718A78A1D001ECDAA = {
			isa = PBXGroup;
			children = (
				442FFE8918A78A1D001ECDAA /* CustomArticleBoardReaderV2 */,
				442FFEA818A78A1D001ECDAA /* CustomArticleBoardReaderV2Tests */,
				442FFE8218A78A1D001ECDAA /* Frameworks */,
				442FFE8118A78A1D001ECDAA /* Products */,
			);
			sourceTree = "<group>";
		};
		442FFE8118A78A1D001ECDAA /* Products */ = {
			isa = PBXGroup;
			children = (
				442FFE8018A78A1D001ECDAA /* CustomArticleBoardReaderV2.app */,
				442FFEA118A78A1D001ECDAA /* CustomArticleBoardReaderV2Tests.xctest */,
			);
			name = Products;
			sourceTree = "<group>";
		};
		442FFE8218A78A1D001ECDAA /* Frameworks */ = {
			isa = PBXGroup;
			children = (
				5AE09F3618D87B9F00A9A591 /* StoreKit.framework */,
				44CCB76B18B7223D0024CBDB /* CoreData.framework */,
				44CCB76918B721180024CBDB /* MediaPlayer.framework */,
				442FFEEE18A8458E001ECDAA /* SystemConfiguration.framework */,
				442FFEEA18A84580001ECDAA /* MessageUI.framework */,
				442FFEE818A8457A001ECDAA /* CoreTelephony.framework */,
				442FFEE618A8456D001ECDAA /* AVFoundation.framework */,
				442FFEE418A84567001ECDAA /* AudioToolbox.framework */,
				442FFEE218A84560001ECDAA /* AdSupport.framework */,
				442FFE8318A78A1D001ECDAA /* Foundation.framework */,
				442FFE8518A78A1D001ECDAA /* CoreGraphics.framework */,
				442FFE8718A78A1D001ECDAA /* UIKit.framework */,
				442FFEA218A78A1D001ECDAA /* XCTest.framework */,
			);
			name = Frameworks;
			sourceTree = "<group>";
		};
		442FFE8918A78A1D001ECDAA /* CustomArticleBoardReaderV2 */ = {
			isa = PBXGroup;
			children = (
				442FFE9218A78A1D001ECDAA /* czzAppDelegate.h */,
				442FFE9318A78A1D001ECDAA /* czzAppDelegate.m */,
				442FFE9518A78A1D001ECDAA /* Main.storyboard */,
				4448864B18B9A381000A0504 /* NSString+HTML.h */,
				4448864C18B9A381000A0504 /* NSString+HTML.m */,
				4448864E18B9A3CD000A0504 /* GTMNSString+HTML.h */,
				4448864F18B9A3CD000A0504 /* GTMNSString+HTML.m */,
				5A82115919473F9600AEEF2F /* EmotionLabel */,
				4485EFAB18B3373F0031B3BC /* Settings */,
				4485EFAC18B337470031B3BC /* Comment */,
				4485EFAA18B3372B0031B3BC /* ArticleView */,
				442FFECC18A83D77001ECDAA /* Toast */,
				442FFEC418A78B63001ECDAA /* classes and downloader */,
				442FFE9B18A78A1D001ECDAA /* Images.xcassets */,
				4485EF6718B22E200031B3BC /* icon sets */,
				4485EF5018B21F910031B3BC /* ac.png */,
				4485EF5218B21F950031B3BC /* ac@2x.png */,
				442FFF0818AB134D001ECDAA /* warning.png */,
				442FFE8A18A78A1D001ECDAA /* Supporting Files */,
			);
			path = CustomArticleBoardReaderV2;
			sourceTree = "<group>";
		};
		442FFE8A18A78A1D001ECDAA /* Supporting Files */ = {
			isa = PBXGroup;
			children = (
				442FFE8B18A78A1D001ECDAA /* CustomArticleBoardReaderV2-Info.plist */,
				442FFE8C18A78A1D001ECDAA /* InfoPlist.strings */,
				442FFE8F18A78A1D001ECDAA /* main.m */,
				442FFE9118A78A1D001ECDAA /* CustomArticleBoardReaderV2-Prefix.pch */,
			);
			name = "Supporting Files";
			sourceTree = "<group>";
		};
		442FFEA818A78A1D001ECDAA /* CustomArticleBoardReaderV2Tests */ = {
			isa = PBXGroup;
			children = (
				442FFEAE18A78A1D001ECDAA /* CustomArticleBoardReaderV2Tests.m */,
				442FFEA918A78A1D001ECDAA /* Supporting Files */,
			);
			path = CustomArticleBoardReaderV2Tests;
			sourceTree = "<group>";
		};
		442FFEA918A78A1D001ECDAA /* Supporting Files */ = {
			isa = PBXGroup;
			children = (
				442FFEAA18A78A1D001ECDAA /* CustomArticleBoardReaderV2Tests-Info.plist */,
				442FFEAB18A78A1D001ECDAA /* InfoPlist.strings */,
			);
			name = "Supporting Files";
			sourceTree = "<group>";
		};
		442FFEC418A78B63001ECDAA /* classes and downloader */ = {
			isa = PBXGroup;
			children = (
				442FFEFD18A8FCFF001ECDAA /* czzImageDownloader */,
				442FFEC518A78B79001ECDAA /* czzAcUser */,
				442FFEC618A78B90001ECDAA /* czzArticle */,
				442FFEC818A78BA5001ECDAA /* czzArticleDownloader */,
				442FFEC718A78B9B001ECDAA /* czzArticleListDownloader */,
				442FFF0118AA6714001ECDAA /* czzComment */,
				44CCB76818B71FF20024CBDB /* AdMob */,
			);
			name = "classes and downloader";
			sourceTree = "<group>";
		};
		442FFEC518A78B79001ECDAA /* czzAcUser */ = {
			isa = PBXGroup;
			children = (
				442FFEB818A78B5C001ECDAA /* czzAcUser.h */,
				442FFEB918A78B5C001ECDAA /* czzAcUser.m */,
				4485EFA718B2F53F0031B3BC /* czzMySelf.h */,
				4485EFA818B2F53F0031B3BC /* czzMySelf.m */,
				442FFEF618A8B143001ECDAA /* czzAcUserDownloader */,
			);
			name = czzAcUser;
			sourceTree = "<group>";
		};
		442FFEC618A78B90001ECDAA /* czzArticle */ = {
			isa = PBXGroup;
			children = (
				442FFEBA18A78B5C001ECDAA /* czzArticle.h */,
				442FFEBB18A78B5C001ECDAA /* czzArticle.m */,
			);
			name = czzArticle;
			sourceTree = "<group>";
		};
		442FFEC718A78B9B001ECDAA /* czzArticleListDownloader */ = {
			isa = PBXGroup;
			children = (
				442FFEBE18A78B5C001ECDAA /* czzArticleListDownloader.h */,
				442FFEBF18A78B5C001ECDAA /* czzArticleListDownloader.m */,
			);
			name = czzArticleListDownloader;
			sourceTree = "<group>";
		};
		442FFEC818A78BA5001ECDAA /* czzArticleDownloader */ = {
			isa = PBXGroup;
			children = (
				442FFEBC18A78B5C001ECDAA /* czzArticleDownloader.h */,
				442FFEBD18A78B5C001ECDAA /* czzArticleDownloader.m */,
			);
			name = czzArticleDownloader;
			sourceTree = "<group>";
		};
		442FFECC18A83D77001ECDAA /* Toast */ = {
			isa = PBXGroup;
			children = (
				442FFEC918A83D73001ECDAA /* Toast+UIView.h */,
				442FFECA18A83D73001ECDAA /* Toast+UIView.m */,
			);
			name = Toast;
			sourceTree = "<group>";
		};
		442FFEF618A8B143001ECDAA /* czzAcUserDownloader */ = {
			isa = PBXGroup;
			children = (
				442FFEF318A8B140001ECDAA /* czzAcUserDownloader.h */,
				442FFEF418A8B140001ECDAA /* czzAcUserDownloader.m */,
			);
			name = czzAcUserDownloader;
			sourceTree = "<group>";
		};
		442FFEFD18A8FCFF001ECDAA /* czzImageDownloader */ = {
			isa = PBXGroup;
			children = (
				442FFEF718A8FCF4001ECDAA /* czzImageDownloader.h */,
				442FFEF818A8FCF4001ECDAA /* czzImageDownloader.m */,
				442FFEF918A8FCF4001ECDAA /* czzImageCentre.h */,
				442FFEFA18A8FCF4001ECDAA /* czzImageCentre.m */,
			);
			name = czzImageDownloader;
			sourceTree = "<group>";
		};
		442FFF0118AA6714001ECDAA /* czzComment */ = {
			isa = PBXGroup;
			children = (
				442FFEFE18AA670D001ECDAA /* czzComment.h */,
				442FFEFF18AA670D001ECDAA /* czzComment.m */,
				442FFF0218AA6830001ECDAA /* czzCommentDownloader.h */,
				442FFF0318AA6830001ECDAA /* czzCommentDownloader.m */,
				4485EFBF18B4F58D0031B3BC /* czzCommentUploader.h */,
				4485EFC018B4F58D0031B3BC /* czzCommentUploader.m */,
			);
			name = czzComment;
			sourceTree = "<group>";
		};
		4485EF6718B22E200031B3BC /* icon sets */ = {
			isa = PBXGroup;
			children = (
				4485EF9C18B235FC0031B3BC /* news_paper.png */,
				4485EF9D18B235FC0031B3BC /* news_paper@2x.png */,
				4485EF9E18B235FC0031B3BC /* notebook.png */,
				4485EF9F18B235FC0031B3BC /* notebook@2x.png */,
				4485EF8C18B2319B0031B3BC /* display_image.png */,
				4485EF8D18B2319B0031B3BC /* display_image@2x.png */,
				4485EF8E18B2319B0031B3BC /* display_normal.png */,
				4485EF8F18B2319B0031B3BC /* display_normal@2x.png */,
				4485EF9018B2319B0031B3BC /* share.png */,
				4485EF9118B2319B0031B3BC /* share@2x.png */,
				4485EF9218B2319B0031B3BC /* study.png */,
				4485EF9318B2319B0031B3BC /* study@2x.png */,
				4485EF6818B22E200031B3BC /* cart.png */,
				4485EF6918B22E200031B3BC /* cart@2x.png */,
				4485EF6A18B22E200031B3BC /* chat.png */,
				4485EF6B18B22E200031B3BC /* chat@2x.png */,
				4485EF6C18B22E200031B3BC /* comment.png */,
				4485EF6D18B22E200031B3BC /* comment@2x.png */,
				4485EF6E18B22E200031B3BC /* download.png */,
				4485EF6F18B22E200031B3BC /* download@2x.png */,
				4485EF7018B22E200031B3BC /* help.png */,
				4485EF7118B22E200031B3BC /* help@2x.png */,
				4485EF7218B22E200031B3BC /* home.png */,
				4485EF7318B22E200031B3BC /* home@2x.png */,
				4485EF7418B22E200031B3BC /* like.png */,
				4485EF7518B22E200031B3BC /* like@2x.png */,
				4485EF7618B22E200031B3BC /* like_filled.png */,
				4485EF7718B22E200031B3BC /* like_filled@2x.png */,
				4485EF7818B22E200031B3BC /* settings.png */,
				4485EF7918B22E200031B3BC /* settings@2x.png */,
			);
			name = "icon sets";
			path = resized;
			sourceTree = "<group>";
		};
		4485EFAA18B3372B0031B3BC /* ArticleView */ = {
			isa = PBXGroup;
			children = (
				4485EF4618B061060031B3BC /* czzArticleDescriptionViewController.h */,
				4485EF4718B061060031B3BC /* czzArticleDescriptionViewController.m */,
				4485EF4318AFDB7C0031B3BC /* czzFavriouteManagerViewController.h */,
				4485EF4418AFDB7C0031B3BC /* czzFavriouteManagerViewController.m */,
				442FFECD18A84275001ECDAA /* czzArticleListViewController.h */,
				442FFECE18A84275001ECDAA /* czzArticleListViewController.m */,
				442FFEF018A867EA001ECDAA /* czzArticlelViewController.h */,
				442FFEF118A867EA001ECDAA /* czzArticlelViewController.m */,
				44F66FA718B6E63E0053EAF1 /* czzArticleTableViewController.h */,
				44F66FA818B6E63E0053EAF1 /* czzArticleTableViewController.m */,
			);
			name = ArticleView;
			sourceTree = "<group>";
		};
		4485EFAB18B3373F0031B3BC /* Settings */ = {
			isa = PBXGroup;
			children = (
				5A7F77B718E97947009EAEE6 /* czzImageManagerViewController.h */,
				5A7F77B818E97947009EAEE6 /* czzImageManagerViewController.m */,
				4485EFA418B2F46E0031B3BC /* czzLoginViewController.h */,
				4485EFA518B2F46E0031B3BC /* czzLoginViewController.m */,
				4485EF4918B0A4700031B3BC /* czzSettingsViewController.h */,
				4485EF4A18B0A4700031B3BC /* czzSettingsViewController.m */,
			);
			name = Settings;
			sourceTree = "<group>";
		};
		4485EFAC18B337470031B3BC /* Comment */ = {
			isa = PBXGroup;
			children = (
				442FFF0518AA7192001ECDAA /* czzCommentViewController.h */,
				442FFF0618AA7192001ECDAA /* czzCommentViewController.m */,
				4485EFC218B4FC910031B3BC /* czzPostCommentViewController.h */,
				4485EFC318B4FC910031B3BC /* czzPostCommentViewController.m */,
			);
			name = Comment;
			sourceTree = "<group>";
		};
		44CCB76818B71FF20024CBDB /* AdMob */ = {
			isa = PBXGroup;
			children = (
				5AE09F2918D87B3300A9A591 /* GADAdMobExtras.h */,
				5AE09F2A18D87B3300A9A591 /* GADAdNetworkExtras.h */,
				5AE09F2B18D87B3300A9A591 /* GADAdSize.h */,
				5AE09F2C18D87B3300A9A591 /* GADBannerView.h */,
				5AE09F2D18D87B3300A9A591 /* GADBannerViewDelegate.h */,
				5AE09F2E18D87B3300A9A591 /* GADInterstitial.h */,
				5AE09F2F18D87B3300A9A591 /* GADInterstitialDelegate.h */,
				5AE09F3018D87B3300A9A591 /* GADRequest.h */,
				5AE09F3118D87B3300A9A591 /* GADRequestError.h */,
				5AE09F3218D87B3300A9A591 /* libGoogleAdMobAds.a */,
				5AE09F3318D87B3300A9A591 /* README.txt */,
			);
			name = AdMob;
			sourceTree = "<group>";
		};
		5A82115919473F9600AEEF2F /* EmotionLabel */ = {
			isa = PBXGroup;
			children = (
				5A82115D19473FA100AEEF2F /* DTCoreText */,
				5A82115A19473F9600AEEF2F /* EmotionLabel.h */,
				5A82115B19473F9600AEEF2F /* EmotionLabel.m */,
			);
			path = EmotionLabel;
			sourceTree = "<group>";
		};
		5A82115D19473FA100AEEF2F /* DTCoreText */ = {
			isa = PBXGroup;
			children = (
				5A82115E19473FA100AEEF2F /* CGUtils.h */,
				5A82115F19473FA100AEEF2F /* CGUtils.m */,
				5A82116019473FA100AEEF2F /* DTAttributedTextCell.h */,
				5A82116119473FA100AEEF2F /* DTAttributedTextCell.m */,
				5A82116219473FA100AEEF2F /* DTAttributedTextContentView.h */,
				5A82116319473FA100AEEF2F /* DTAttributedTextContentView.m */,
				5A82116419473FA100AEEF2F /* DTAttributedTextView.h */,
				5A82116519473FA100AEEF2F /* DTAttributedTextView.m */,
				5A82116619473FA100AEEF2F /* DTCoreText.h */,
				5A82116719473FA100AEEF2F /* DTCoreTextFontCollection.h */,
				5A82116819473FA100AEEF2F /* DTCoreTextFontCollection.m */,
				5A82116919473FA100AEEF2F /* DTCoreTextFontDescriptor.h */,
				5A82116A19473FA100AEEF2F /* DTCoreTextFontDescriptor.m */,
				5A82116B19473FA100AEEF2F /* DTCoreTextGlyphRun.h */,
				5A82116C19473FA100AEEF2F /* DTCoreTextGlyphRun.m */,
				5A82116D19473FA100AEEF2F /* DTCoreTextLayouter.h */,
				5A82116E19473FA100AEEF2F /* DTCoreTextLayouter.m */,
				5A82116F19473FA100AEEF2F /* DTCoreTextLayoutFrame.h */,
				5A82117019473FA100AEEF2F /* DTCoreTextLayoutFrame.m */,
				5A82117119473FA100AEEF2F /* DTCoreTextLayoutLine.h */,
				5A82117219473FA100AEEF2F /* DTCoreTextLayoutLine.m */,
				5A82117319473FA100AEEF2F /* DTCoreTextParagraphStyle.h */,
				5A82117419473FA100AEEF2F /* DTCoreTextParagraphStyle.m */,
				5A82117519473FA100AEEF2F /* DTCSSListStyle.h */,
				5A82117619473FA100AEEF2F /* DTCSSListStyle.m */,
				5A82117719473FA100AEEF2F /* DTCSSStylesheet.h */,
				5A82117819473FA100AEEF2F /* DTCSSStylesheet.m */,
				5A82117919473FA100AEEF2F /* DTHTMLElement.h */,
				5A82117A19473FA100AEEF2F /* DTHTMLElement.m */,
				5A82117B19473FA100AEEF2F /* DTLazyImageView.h */,
				5A82117C19473FA100AEEF2F /* DTLazyImageView.m */,
				5A82117D19473FA100AEEF2F /* DTLinkButton.h */,
				5A82117E19473FA100AEEF2F /* DTLinkButton.m */,
				5A82117F19473FA100AEEF2F /* DTTextAttachment.h */,
				5A82118019473FA100AEEF2F /* DTTextAttachment.m */,
				5A82118119473FA100AEEF2F /* DTWebVideoView.h */,
				5A82118219473FA100AEEF2F /* DTWebVideoView.m */,
				5A82118319473FA100AEEF2F /* NSAttributedString+HTML.h */,
				5A82118419473FA100AEEF2F /* NSAttributedString+HTML.m */,
				5A82118519473FA100AEEF2F /* NSAttributedStringRunDelegates.h */,
				5A82118619473FA100AEEF2F /* NSAttributedStringRunDelegates.m */,
				5A82118719473FA100AEEF2F /* NSCharacterSet+HTML.h */,
				5A82118819473FA100AEEF2F /* NSCharacterSet+HTML.m */,
				5A82118919473FA100AEEF2F /* NSData+Base64.h */,
				5A82118A19473FA100AEEF2F /* NSData+Base64.m */,
				5A82118B19473FA100AEEF2F /* NSMutableAttributedString+HTML.h */,
				5A82118C19473FA100AEEF2F /* NSMutableAttributedString+HTML.m */,
				5A82118D19473FA100AEEF2F /* NSScanner+HTML.h */,
				5A82118E19473FA100AEEF2F /* NSScanner+HTML.m */,
				5A82118F19473FA100AEEF2F /* NSString+HTML.h */,
				5A82119019473FA100AEEF2F /* NSString+HTML.m */,
				5A82119119473FA100AEEF2F /* NSString+Paragraphs.h */,
				5A82119219473FA100AEEF2F /* NSString+Paragraphs.m */,
				5A82119319473FA100AEEF2F /* NSString+UTF8Cleaner.h */,
				5A82119419473FA100AEEF2F /* NSString+UTF8Cleaner.m */,
				5A82119519473FA100AEEF2F /* NSURL+HTML.h */,
				5A82119619473FA100AEEF2F /* NSURL+HTML.m */,
				5A82119719473FA100AEEF2F /* UIColor+HTML.h */,
				5A82119819473FA100AEEF2F /* UIColor+HTML.m */,
				5A82119919473FA100AEEF2F /* UIDevice+DTVersion.h */,
				5A82119A19473FA100AEEF2F /* UIDevice+DTVersion.m */,
			);
			name = DTCoreText;
			path = ../DTCoreText;
			sourceTree = "<group>";
		};
/* End PBXGroup section */

/* Begin PBXNativeTarget section */
		442FFE7F18A78A1D001ECDAA /* CustomArticleBoardReaderV2 */ = {
			isa = PBXNativeTarget;
			buildConfigurationList = 442FFEB218A78A1D001ECDAA /* Build configuration list for PBXNativeTarget "CustomArticleBoardReaderV2" */;
			buildPhases = (
				442FFE7C18A78A1D001ECDAA /* Sources */,
				442FFE7D18A78A1D001ECDAA /* Frameworks */,
				442FFE7E18A78A1D001ECDAA /* Resources */,
			);
			buildRules = (
			);
			dependencies = (
			);
			name = CustomArticleBoardReaderV2;
			productName = CustomArticleBoardReaderV2;
			productReference = 442FFE8018A78A1D001ECDAA /* CustomArticleBoardReaderV2.app */;
			productType = "com.apple.product-type.application";
		};
		442FFEA018A78A1D001ECDAA /* CustomArticleBoardReaderV2Tests */ = {
			isa = PBXNativeTarget;
			buildConfigurationList = 442FFEB518A78A1D001ECDAA /* Build configuration list for PBXNativeTarget "CustomArticleBoardReaderV2Tests" */;
			buildPhases = (
				442FFE9D18A78A1D001ECDAA /* Sources */,
				442FFE9E18A78A1D001ECDAA /* Frameworks */,
				442FFE9F18A78A1D001ECDAA /* Resources */,
			);
			buildRules = (
			);
			dependencies = (
				442FFEA718A78A1D001ECDAA /* PBXTargetDependency */,
			);
			name = CustomArticleBoardReaderV2Tests;
			productName = CustomArticleBoardReaderV2Tests;
			productReference = 442FFEA118A78A1D001ECDAA /* CustomArticleBoardReaderV2Tests.xctest */;
			productType = "com.apple.product-type.bundle.unit-test";
		};
/* End PBXNativeTarget section */

/* Begin PBXProject section */
		442FFE7818A78A1D001ECDAA /* Project object */ = {
			isa = PBXProject;
			attributes = {
				CLASSPREFIX = czz;
				LastUpgradeCheck = 0510;
				ORGANIZATIONNAME = Craig;
				TargetAttributes = {
					442FFE7F18A78A1D001ECDAA = {
						DevelopmentTeam = 9EBE9MWW9X;
						SystemCapabilities = {
							com.apple.InAppPurchase = {
								enabled = 0;
							};
						};
					};
					442FFEA018A78A1D001ECDAA = {
						TestTargetID = 442FFE7F18A78A1D001ECDAA;
					};
				};
			};
			buildConfigurationList = 442FFE7B18A78A1D001ECDAA /* Build configuration list for PBXProject "CustomArticleBoardReaderV2" */;
			compatibilityVersion = "Xcode 3.2";
			developmentRegion = English;
			hasScannedForEncodings = 0;
			knownRegions = (
				en,
				Base,
			);
			mainGroup = 442FFE7718A78A1D001ECDAA;
			productRefGroup = 442FFE8118A78A1D001ECDAA /* Products */;
			projectDirPath = "";
			projectRoot = "";
			targets = (
				442FFE7F18A78A1D001ECDAA /* CustomArticleBoardReaderV2 */,
				442FFEA018A78A1D001ECDAA /* CustomArticleBoardReaderV2Tests */,
			);
		};
/* End PBXProject section */

/* Begin PBXResourcesBuildPhase section */
		442FFE7E18A78A1D001ECDAA /* Resources */ = {
			isa = PBXResourcesBuildPhase;
			buildActionMask = 2147483647;
			files = (
				4485EFA318B235FC0031B3BC /* notebook@2x.png in Resources */,
				4485EFA218B235FC0031B3BC /* notebook.png in Resources */,
				5AE09F3518D87B3300A9A591 /* README.txt in Resources */,
				4485EF8A18B22E200031B3BC /* settings.png in Resources */,
				442FFE9C18A78A1D001ECDAA /* Images.xcassets in Resources */,
				4485EFA118B235FC0031B3BC /* news_paper@2x.png in Resources */,
				4485EF7E18B22E200031B3BC /* comment.png in Resources */,
				4485EF8418B22E200031B3BC /* home.png in Resources */,
				4485EF8518B22E200031B3BC /* home@2x.png in Resources */,
				4485EF7C18B22E200031B3BC /* chat.png in Resources */,
				442FFE8E18A78A1D001ECDAA /* InfoPlist.strings in Resources */,
				4485EF9818B2319B0031B3BC /* share.png in Resources */,
				4485EF8318B22E200031B3BC /* help@2x.png in Resources */,
				4485EF8218B22E200031B3BC /* help.png in Resources */,
				4485EF7D18B22E200031B3BC /* chat@2x.png in Resources */,
				4485EF8018B22E200031B3BC /* download.png in Resources */,
				4485EF7B18B22E200031B3BC /* cart@2x.png in Resources */,
				442FFE9718A78A1D001ECDAA /* Main.storyboard in Resources */,
				4485EF8918B22E200031B3BC /* like_filled@2x.png in Resources */,
				4485EF9718B2319B0031B3BC /* display_normal@2x.png in Resources */,
				4485EF5318B21F950031B3BC /* ac@2x.png in Resources */,
				4485EF8118B22E200031B3BC /* download@2x.png in Resources */,
				4485EF9518B2319B0031B3BC /* display_image@2x.png in Resources */,
				4485EF7F18B22E200031B3BC /* comment@2x.png in Resources */,
				4485EF9A18B2319B0031B3BC /* study.png in Resources */,
				4485EF9918B2319B0031B3BC /* share@2x.png in Resources */,
				4485EF9618B2319B0031B3BC /* display_normal.png in Resources */,
				4485EF8818B22E200031B3BC /* like_filled.png in Resources */,
				4485EF8618B22E200031B3BC /* like.png in Resources */,
				4485EF9418B2319B0031B3BC /* display_image.png in Resources */,
				4485EF8B18B22E200031B3BC /* settings@2x.png in Resources */,
				4485EF9B18B2319B0031B3BC /* study@2x.png in Resources */,
				4485EF7A18B22E200031B3BC /* cart.png in Resources */,
				4485EF8718B22E200031B3BC /* like@2x.png in Resources */,
				4485EFA018B235FC0031B3BC /* news_paper.png in Resources */,
				442FFF0918AB134D001ECDAA /* warning.png in Resources */,
				4485EF5118B21F910031B3BC /* ac.png in Resources */,
			);
			runOnlyForDeploymentPostprocessing = 0;
		};
		442FFE9F18A78A1D001ECDAA /* Resources */ = {
			isa = PBXResourcesBuildPhase;
			buildActionMask = 2147483647;
			files = (
				442FFEAD18A78A1D001ECDAA /* InfoPlist.strings in Resources */,
			);
			runOnlyForDeploymentPostprocessing = 0;
		};
/* End PBXResourcesBuildPhase section */

/* Begin PBXSourcesBuildPhase section */
		442FFE7C18A78A1D001ECDAA /* Sources */ = {
			isa = PBXSourcesBuildPhase;
			buildActionMask = 2147483647;
			files = (
				442FFF0418AA6830001ECDAA /* czzCommentDownloader.m in Sources */,
				5A82119D19473FA100AEEF2F /* DTAttributedTextContentView.m in Sources */,
				442FFECB18A83D73001ECDAA /* Toast+UIView.m in Sources */,
				5A8211A219473FA100AEEF2F /* DTCoreTextLayouter.m in Sources */,
				442FFEC018A78B5C001ECDAA /* czzAcUser.m in Sources */,
				5A8211A319473FA100AEEF2F /* DTCoreTextLayoutFrame.m in Sources */,
				4485EF4B18B0A4700031B3BC /* czzSettingsViewController.m in Sources */,
				5A8211A719473FA100AEEF2F /* DTCSSStylesheet.m in Sources */,
				44F66FA918B6E63E0053EAF1 /* czzArticleTableViewController.m in Sources */,
				442FFEFC18A8FCF4001ECDAA /* czzImageCentre.m in Sources */,
				442FFEC118A78B5C001ECDAA /* czzArticle.m in Sources */,
				5A8211B219473FA100AEEF2F /* NSScanner+HTML.m in Sources */,
				5A82119B19473FA100AEEF2F /* CGUtils.m in Sources */,
				5A8211A019473FA100AEEF2F /* DTCoreTextFontDescriptor.m in Sources */,
				5A8211A119473FA100AEEF2F /* DTCoreTextGlyphRun.m in Sources */,
				5A8211A919473FA100AEEF2F /* DTLazyImageView.m in Sources */,
				5A8211B619473FA100AEEF2F /* NSURL+HTML.m in Sources */,
				5A8211B819473FA100AEEF2F /* UIDevice+DTVersion.m in Sources */,
				5A82119C19473FA100AEEF2F /* DTAttributedTextCell.m in Sources */,
				5A8211A519473FA100AEEF2F /* DTCoreTextParagraphStyle.m in Sources */,
				5A8211B319473FA100AEEF2F /* NSString+HTML.m in Sources */,
				5A8211B419473FA100AEEF2F /* NSString+Paragraphs.m in Sources */,
				5A8211B019473FA100AEEF2F /* NSData+Base64.m in Sources */,
				5A8211B119473FA100AEEF2F /* NSMutableAttributedString+HTML.m in Sources */,
				4448864D18B9A381000A0504 /* NSString+HTML.m in Sources */,
				5A8211AC19473FA100AEEF2F /* DTWebVideoView.m in Sources */,
				5A82115C19473F9600AEEF2F /* EmotionLabel.m in Sources */,
				5A8211AD19473FA100AEEF2F /* NSAttributedString+HTML.m in Sources */,
				4485EFA918B2F53F0031B3BC /* czzMySelf.m in Sources */,
				442FFEF518A8B140001ECDAA /* czzAcUserDownloader.m in Sources */,
				5A8211AA19473FA100AEEF2F /* DTLinkButton.m in Sources */,
				442FFEFB18A8FCF4001ECDAA /* czzImageDownloader.m in Sources */,
				5A8211AE19473FA100AEEF2F /* NSAttributedStringRunDelegates.m in Sources */,
				442FFE9418A78A1D001ECDAA /* czzAppDelegate.m in Sources */,
				4485EF4818B061060031B3BC /* czzArticleDescriptionViewController.m in Sources */,
				4485EFC118B4F58D0031B3BC /* czzCommentUploader.m in Sources */,
				442FFEC318A78B5C001ECDAA /* czzArticleListDownloader.m in Sources */,
				442FFF0018AA670D001ECDAA /* czzComment.m in Sources */,
				442FFE9018A78A1D001ECDAA /* main.m in Sources */,
				5A8211B719473FA100AEEF2F /* UIColor+HTML.m in Sources */,
				4485EFA618B2F46E0031B3BC /* czzLoginViewController.m in Sources */,
				5A7F77B918E97947009EAEE6 /* czzImageManagerViewController.m in Sources */,
				442FFEC218A78B5C001ECDAA /* czzArticleDownloader.m in Sources */,
				4485EFC418B4FC910031B3BC /* czzPostCommentViewController.m in Sources */,
				5A8211A419473FA100AEEF2F /* DTCoreTextLayoutLine.m in Sources */,
				5A8211A619473FA100AEEF2F /* DTCSSListStyle.m in Sources */,
				5A8211AB19473FA100AEEF2F /* DTTextAttachment.m in Sources */,
				442FFEF218A867EA001ECDAA /* czzArticlelViewController.m in Sources */,
				5A8211A819473FA100AEEF2F /* DTHTMLElement.m in Sources */,
				442FFF0718AA7192001ECDAA /* czzCommentViewController.m in Sources */,
				5A8211AF19473FA100AEEF2F /* NSCharacterSet+HTML.m in Sources */,
				5A82119E19473FA100AEEF2F /* DTAttributedTextView.m in Sources */,
				4485EF4518AFDB7C0031B3BC /* czzFavriouteManagerViewController.m in Sources */,
				442FFECF18A84275001ECDAA /* czzArticleListViewController.m in Sources */,
				5A82119F19473FA100AEEF2F /* DTCoreTextFontCollection.m in Sources */,
				4448865018B9A3CD000A0504 /* GTMNSString+HTML.m in Sources */,
				5A8211B519473FA100AEEF2F /* NSString+UTF8Cleaner.m in Sources */,
			);
			runOnlyForDeploymentPostprocessing = 0;
		};
		442FFE9D18A78A1D001ECDAA /* Sources */ = {
			isa = PBXSourcesBuildPhase;
			buildActionMask = 2147483647;
			files = (
				442FFEAF18A78A1D001ECDAA /* CustomArticleBoardReaderV2Tests.m in Sources */,
			);
			runOnlyForDeploymentPostprocessing = 0;
		};
/* End PBXSourcesBuildPhase section */

/* Begin PBXTargetDependency section */
		442FFEA718A78A1D001ECDAA /* PBXTargetDependency */ = {
			isa = PBXTargetDependency;
			target = 442FFE7F18A78A1D001ECDAA /* CustomArticleBoardReaderV2 */;
			targetProxy = 442FFEA618A78A1D001ECDAA /* PBXContainerItemProxy */;
		};
/* End PBXTargetDependency section */

/* Begin PBXVariantGroup section */
		442FFE8C18A78A1D001ECDAA /* InfoPlist.strings */ = {
			isa = PBXVariantGroup;
			children = (
				442FFE8D18A78A1D001ECDAA /* en */,
			);
			name = InfoPlist.strings;
			sourceTree = "<group>";
		};
		442FFE9518A78A1D001ECDAA /* Main.storyboard */ = {
			isa = PBXVariantGroup;
			children = (
				442FFE9618A78A1D001ECDAA /* Base */,
			);
			name = Main.storyboard;
			sourceTree = "<group>";
		};
		442FFEAB18A78A1D001ECDAA /* InfoPlist.strings */ = {
			isa = PBXVariantGroup;
			children = (
				442FFEAC18A78A1D001ECDAA /* en */,
			);
			name = InfoPlist.strings;
			sourceTree = "<group>";
		};
/* End PBXVariantGroup section */

/* Begin XCBuildConfiguration section */
		442FFEB018A78A1D001ECDAA /* Debug */ = {
			isa = XCBuildConfiguration;
			buildSettings = {
				ALWAYS_SEARCH_USER_PATHS = NO;
				CLANG_CXX_LANGUAGE_STANDARD = "gnu++0x";
				CLANG_CXX_LIBRARY = "libc++";
				CLANG_ENABLE_MODULES = YES;
				CLANG_ENABLE_OBJC_ARC = YES;
				CLANG_WARN_BOOL_CONVERSION = YES;
				CLANG_WARN_CONSTANT_CONVERSION = YES;
				CLANG_WARN_DIRECT_OBJC_ISA_USAGE = YES_ERROR;
				CLANG_WARN_EMPTY_BODY = YES;
				CLANG_WARN_ENUM_CONVERSION = YES;
				CLANG_WARN_INT_CONVERSION = YES;
				CLANG_WARN_OBJC_ROOT_CLASS = YES_ERROR;
				CLANG_WARN__DUPLICATE_METHOD_MATCH = YES;
				"CODE_SIGN_IDENTITY[sdk=iphoneos*]" = "iPhone Developer";
				COPY_PHASE_STRIP = NO;
				GCC_C_LANGUAGE_STANDARD = gnu99;
				GCC_DYNAMIC_NO_PIC = NO;
				GCC_OPTIMIZATION_LEVEL = 0;
				GCC_PREPROCESSOR_DEFINITIONS = (
					"DEBUG=1",
					"$(inherited)",
				);
				GCC_SYMBOLS_PRIVATE_EXTERN = NO;
				GCC_WARN_64_TO_32_BIT_CONVERSION = YES;
				GCC_WARN_ABOUT_RETURN_TYPE = YES_ERROR;
				GCC_WARN_UNDECLARED_SELECTOR = YES;
				GCC_WARN_UNINITIALIZED_AUTOS = YES;
				GCC_WARN_UNUSED_FUNCTION = YES;
				GCC_WARN_UNUSED_VARIABLE = YES;
				IPHONEOS_DEPLOYMENT_TARGET = 7.0;
				ONLY_ACTIVE_ARCH = YES;
				SDKROOT = iphoneos;
				VALID_ARCHS = "armv7 armv7s";
			};
			name = Debug;
		};
		442FFEB118A78A1D001ECDAA /* Release */ = {
			isa = XCBuildConfiguration;
			buildSettings = {
				ALWAYS_SEARCH_USER_PATHS = NO;
				CLANG_CXX_LANGUAGE_STANDARD = "gnu++0x";
				CLANG_CXX_LIBRARY = "libc++";
				CLANG_ENABLE_MODULES = YES;
				CLANG_ENABLE_OBJC_ARC = YES;
				CLANG_WARN_BOOL_CONVERSION = YES;
				CLANG_WARN_CONSTANT_CONVERSION = YES;
				CLANG_WARN_DIRECT_OBJC_ISA_USAGE = YES_ERROR;
				CLANG_WARN_EMPTY_BODY = YES;
				CLANG_WARN_ENUM_CONVERSION = YES;
				CLANG_WARN_INT_CONVERSION = YES;
				CLANG_WARN_OBJC_ROOT_CLASS = YES_ERROR;
				CLANG_WARN__DUPLICATE_METHOD_MATCH = YES;
				"CODE_SIGN_IDENTITY[sdk=iphoneos*]" = "iPhone Developer";
				COPY_PHASE_STRIP = YES;
				ENABLE_NS_ASSERTIONS = NO;
				GCC_C_LANGUAGE_STANDARD = gnu99;
				GCC_WARN_64_TO_32_BIT_CONVERSION = YES;
				GCC_WARN_ABOUT_RETURN_TYPE = YES_ERROR;
				GCC_WARN_UNDECLARED_SELECTOR = YES;
				GCC_WARN_UNINITIALIZED_AUTOS = YES;
				GCC_WARN_UNUSED_FUNCTION = YES;
				GCC_WARN_UNUSED_VARIABLE = YES;
				IPHONEOS_DEPLOYMENT_TARGET = 7.0;
				SDKROOT = iphoneos;
				VALIDATE_PRODUCT = YES;
				VALID_ARCHS = "armv7 armv7s";
			};
			name = Release;
		};
		442FFEB318A78A1D001ECDAA /* Debug */ = {
			isa = XCBuildConfiguration;
			buildSettings = {
				ASSETCATALOG_COMPILER_APPICON_NAME = "AppIcon-2";
				ASSETCATALOG_COMPILER_LAUNCHIMAGE_NAME = "LaunchImage-2";
				CODE_SIGN_IDENTITY = "iPhone Developer";
				"CODE_SIGN_IDENTITY[sdk=iphoneos*]" = "iPhone Developer";
				GCC_PRECOMPILE_PREFIX_HEADER = YES;
				GCC_PREFIX_HEADER = "CustomArticleBoardReaderV2/CustomArticleBoardReaderV2-Prefix.pch";
				INFOPLIST_FILE = "CustomArticleBoardReaderV2/CustomArticleBoardReaderV2-Info.plist";
				IPHONEOS_DEPLOYMENT_TARGET = 6.0;
				LIBRARY_SEARCH_PATHS = (
					"$(inherited)",
					/Users/CraigZheng/Developer/customarticleboardreaderv2/CustomArticleBoardReaderV2,
					"$(PROJECT_DIR)/CustomArticleBoardReaderV2",
				);
				ONLY_ACTIVE_ARCH = NO;
				OTHER_LDFLAGS = "-ObjC";
				PRODUCT_NAME = "$(TARGET_NAME)";
				PROVISIONING_PROFILE = "";
				TARGETED_DEVICE_FAMILY = "1,2";
				VALID_ARCHS = "armv7 armv7s";
				WRAPPER_EXTENSION = app;
			};
			name = Debug;
		};
		442FFEB418A78A1D001ECDAA /* Release */ = {
			isa = XCBuildConfiguration;
			buildSettings = {
				ASSETCATALOG_COMPILER_APPICON_NAME = "AppIcon-2";
				ASSETCATALOG_COMPILER_LAUNCHIMAGE_NAME = "LaunchImage-2";
				CODE_SIGN_IDENTITY = "iPhone Developer";
				"CODE_SIGN_IDENTITY[sdk=iphoneos*]" = "iPhone Developer";
				GCC_PRECOMPILE_PREFIX_HEADER = YES;
				GCC_PREFIX_HEADER = "CustomArticleBoardReaderV2/CustomArticleBoardReaderV2-Prefix.pch";
				INFOPLIST_FILE = "CustomArticleBoardReaderV2/CustomArticleBoardReaderV2-Info.plist";
				IPHONEOS_DEPLOYMENT_TARGET = 6.0;
				LIBRARY_SEARCH_PATHS = (
					"$(inherited)",
					/Users/CraigZheng/Developer/customarticleboardreaderv2/CustomArticleBoardReaderV2,
					"$(PROJECT_DIR)/CustomArticleBoardReaderV2",
				);
				OTHER_LDFLAGS = "-ObjC";
				PRODUCT_NAME = "$(TARGET_NAME)";
				PROVISIONING_PROFILE = "";
				TARGETED_DEVICE_FAMILY = "1,2";
				VALID_ARCHS = "armv7 armv7s";
				WRAPPER_EXTENSION = app;
			};
			name = Release;
		};
		442FFEB618A78A1D001ECDAA /* Debug */ = {
			isa = XCBuildConfiguration;
			buildSettings = {
				BUNDLE_LOADER = "$(BUILT_PRODUCTS_DIR)/CustomArticleBoardReaderV2.app/CustomArticleBoardReaderV2";
				FRAMEWORK_SEARCH_PATHS = (
					"$(SDKROOT)/Developer/Library/Frameworks",
					"$(inherited)",
					"$(DEVELOPER_FRAMEWORKS_DIR)",
				);
				GCC_PRECOMPILE_PREFIX_HEADER = YES;
				GCC_PREFIX_HEADER = "CustomArticleBoardReaderV2/CustomArticleBoardReaderV2-Prefix.pch";
				GCC_PREPROCESSOR_DEFINITIONS = (
					"DEBUG=1",
					"$(inherited)",
				);
				INFOPLIST_FILE = "CustomArticleBoardReaderV2Tests/CustomArticleBoardReaderV2Tests-Info.plist";
				PRODUCT_NAME = "$(TARGET_NAME)";
				TEST_HOST = "$(BUNDLE_LOADER)";
				VALID_ARCHS = "armv7 armv7s";
				WRAPPER_EXTENSION = xctest;
			};
			name = Debug;
		};
		442FFEB718A78A1D001ECDAA /* Release */ = {
			isa = XCBuildConfiguration;
			buildSettings = {
				BUNDLE_LOADER = "$(BUILT_PRODUCTS_DIR)/CustomArticleBoardReaderV2.app/CustomArticleBoardReaderV2";
				FRAMEWORK_SEARCH_PATHS = (
					"$(SDKROOT)/Developer/Library/Frameworks",
					"$(inherited)",
					"$(DEVELOPER_FRAMEWORKS_DIR)",
				);
				GCC_PRECOMPILE_PREFIX_HEADER = YES;
				GCC_PREFIX_HEADER = "CustomArticleBoardReaderV2/CustomArticleBoardReaderV2-Prefix.pch";
				INFOPLIST_FILE = "CustomArticleBoardReaderV2Tests/CustomArticleBoardReaderV2Tests-Info.plist";
				PRODUCT_NAME = "$(TARGET_NAME)";
				TEST_HOST = "$(BUNDLE_LOADER)";
				VALID_ARCHS = "armv7 armv7s";
				WRAPPER_EXTENSION = xctest;
			};
			name = Release;
		};
/* End XCBuildConfiguration section */

/* Begin XCConfigurationList section */
		442FFE7B18A78A1D001ECDAA /* Build configuration list for PBXProject "CustomArticleBoardReaderV2" */ = {
			isa = XCConfigurationList;
			buildConfigurations = (
				442FFEB018A78A1D001ECDAA /* Debug */,
				442FFEB118A78A1D001ECDAA /* Release */,
			);
			defaultConfigurationIsVisible = 0;
			defaultConfigurationName = Release;
		};
		442FFEB218A78A1D001ECDAA /* Build configuration list for PBXNativeTarget "CustomArticleBoardReaderV2" */ = {
			isa = XCConfigurationList;
			buildConfigurations = (
				442FFEB318A78A1D001ECDAA /* Debug */,
				442FFEB418A78A1D001ECDAA /* Release */,
			);
			defaultConfigurationIsVisible = 0;
			defaultConfigurationName = Release;
		};
		442FFEB518A78A1D001ECDAA /* Build configuration list for PBXNativeTarget "CustomArticleBoardReaderV2Tests" */ = {
			isa = XCConfigurationList;
			buildConfigurations = (
				442FFEB618A78A1D001ECDAA /* Debug */,
				442FFEB718A78A1D001ECDAA /* Release */,
			);
			defaultConfigurationIsVisible = 0;
			defaultConfigurationName = Release;
		};
/* End XCConfigurationList section */
	};
	rootObject = 442FFE7818A78A1D001ECDAA /* Project object */;
}
